// !$*UTF8*$!
{
	archiveVersion = 1;
	classes = {
	};
	objectVersion = 70;
	objects = {

/* Begin PBXBuildFile section */
		EC02CA4C2DD64D2900CB53EE /* HTTPMethod.swift in Sources */ = {isa = PBXBuildFile; fileRef = EC02CA422DD64D2900CB53EE /* HTTPMethod.swift */; };
		EC02CA4D2DD64D2900CB53EE /* ShopRepository.swift in Sources */ = {isa = PBXBuildFile; fileRef = EC02CA3F2DD64D2900CB53EE /* ShopRepository.swift */; };
		EC02CA4E2DD64D2900CB53EE /* RepositoryProvider.swift in Sources */ = {isa = PBXBuildFile; fileRef = EC02CA4A2DD64D2900CB53EE /* RepositoryProvider.swift */; };
		EC02CA4F2DD64D2900CB53EE /* ServiceLocator.swift in Sources */ = {isa = PBXBuildFile; fileRef = EC02CA452DD64D2900CB53EE /* ServiceLocator.swift */; };
		EC02CA502DD64D2900CB53EE /* NetworkManager.swift in Sources */ = {isa = PBXBuildFile; fileRef = EC02CA442DD64D2900CB53EE /* NetworkManager.swift */; };
		EC02CA512DD64D2900CB53EE /* BaseRepository.swift in Sources */ = {isa = PBXBuildFile; fileRef = EC02CA3A2DD64D2900CB53EE /* BaseRepository.swift */; };
		EC02CA522DD64D2900CB53EE /* QuizRepository.swift in Sources */ = {isa = PBXBuildFile; fileRef = EC02CA3E2DD64D2900CB53EE /* QuizRepository.swift */; };
		EC02CA532DD64D2900CB53EE /* InventoryRepository.swift in Sources */ = {isa = PBXBuildFile; fileRef = EC02CA3C2DD64D2900CB53EE /* InventoryRepository.swift */; };
		EC02CA542DD64D2900CB53EE /* PetRepository.swift in Sources */ = {isa = PBXBuildFile; fileRef = EC02CA3D2DD64D2900CB53EE /* PetRepository.swift */; };
		EC02CA552DD64D2900CB53EE /* Endpoint.swift in Sources */ = {isa = PBXBuildFile; fileRef = EC02CA412DD64D2900CB53EE /* Endpoint.swift */; };
		EC02CA562DD64D2900CB53EE /* AuthRepository.swift in Sources */ = {isa = PBXBuildFile; fileRef = EC02CA392DD64D2900CB53EE /* AuthRepository.swift */; };
		EC02CA572DD64D2900CB53EE /* NetworkError.swift in Sources */ = {isa = PBXBuildFile; fileRef = EC02CA432DD64D2900CB53EE /* NetworkError.swift */; };
		EC02CA582DD64D2900CB53EE /* FriendsRepository.swift in Sources */ = {isa = PBXBuildFile; fileRef = EC02CA3B2DD64D2900CB53EE /* FriendsRepository.swift */; };
		EC02EBC52DC921F30019668C /* netfox in Frameworks */ = {isa = PBXBuildFile; productRef = EC02EBC42DC921F30019668C /* netfox */; };
		EC02EBC82DC9507E0019668C /* InventoryViewModel.swift in Sources */ = {isa = PBXBuildFile; fileRef = EC02EBC72DC950790019668C /* InventoryViewModel.swift */; };
		EC071D142C7C7C0C00D269A6 /* EmotionsView.swift in Sources */ = {isa = PBXBuildFile; fileRef = EC071D132C7C7C0C00D269A6 /* EmotionsView.swift */; };
		EC08F0D52C9C641000F6574D /* PasswordTextField.swift in Sources */ = {isa = PBXBuildFile; fileRef = EC08F0D42C9C641000F6574D /* PasswordTextField.swift */; };
		EC1108322C622C3700E91D93 /* ShopScreenView.swift in Sources */ = {isa = PBXBuildFile; fileRef = EC1108312C622C3700E91D93 /* ShopScreenView.swift */; };
		EC1108342C622F1300E91D93 /* FriendsView.swift in Sources */ = {isa = PBXBuildFile; fileRef = EC1108332C622F1200E91D93 /* FriendsView.swift */; };
		EC15E63C2DCF985100B885A2 /* ProfileEditViewModel.swift in Sources */ = {isa = PBXBuildFile; fileRef = EC15E63B2DCF984A00B885A2 /* ProfileEditViewModel.swift */; };
		EC17F7062DC166A700956696 /* BuyPackageCounterPopUpView.swift in Sources */ = {isa = PBXBuildFile; fileRef = EC17F7052DC166A700956696 /* BuyPackageCounterPopUpView.swift */; };
		EC1B965E2C9EF6E7001C5773 /* NoteView.swift in Sources */ = {isa = PBXBuildFile; fileRef = EC1B965D2C9EF6E7001C5773 /* NoteView.swift */; };
		EC1B96602C9EFC83001C5773 /* QuestionComponent.swift in Sources */ = {isa = PBXBuildFile; fileRef = EC1B965F2C9EFC83001C5773 /* QuestionComponent.swift */; };
		EC1CE9702D4D3C400082FD4F /* OnboardingView.swift in Sources */ = {isa = PBXBuildFile; fileRef = EC1CE96F2D4D3C400082FD4F /* OnboardingView.swift */; };
		EC1CE9742D4D412F0082FD4F /* Nunito-Italic-VariableFont_wght.ttf in Resources */ = {isa = PBXBuildFile; fileRef = EC1CE9722D4D412F0082FD4F /* Nunito-Italic-VariableFont_wght.ttf */; };
		EC1CE9752D4D412F0082FD4F /* Nunito-VariableFont_wght.ttf in Resources */ = {isa = PBXBuildFile; fileRef = EC1CE9732D4D412F0082FD4F /* Nunito-VariableFont_wght.ttf */; };
		EC1CE9A02D5238150082FD4F /* CoupleQuestionViewModel.swift in Sources */ = {isa = PBXBuildFile; fileRef = EC1CE99F2D5238150082FD4F /* CoupleQuestionViewModel.swift */; };
		EC561BFB2C88A31900D90B4A /* PetCareView.swift in Sources */ = {isa = PBXBuildFile; fileRef = EC561BFA2C88A31900D90B4A /* PetCareView.swift */; };
		EC561BFD2C8B41AC00D90B4A /* PremiumView.swift in Sources */ = {isa = PBXBuildFile; fileRef = EC561BFC2C8B41AC00D90B4A /* PremiumView.swift */; };
		EC561BFF2C8B4CB500D90B4A /* ProfileEditView.swift in Sources */ = {isa = PBXBuildFile; fileRef = EC561BFE2C8B4CB500D90B4A /* ProfileEditView.swift */; };
		EC606ED72C57B7040015F103 /* RaisingPetApp.swift in Sources */ = {isa = PBXBuildFile; fileRef = EC606ED62C57B7040015F103 /* RaisingPetApp.swift */; };
		EC606ED92C57B7040015F103 /* SplashView.swift in Sources */ = {isa = PBXBuildFile; fileRef = EC606ED82C57B7040015F103 /* SplashView.swift */; };
		EC606EDB2C57B7060015F103 /* Assets.xcassets in Resources */ = {isa = PBXBuildFile; fileRef = EC606EDA2C57B7060015F103 /* Assets.xcassets */; };
		EC606EDE2C57B7060015F103 /* Preview Assets.xcassets in Resources */ = {isa = PBXBuildFile; fileRef = EC606EDD2C57B7060015F103 /* Preview Assets.xcassets */; };
		EC606F022C57D1320015F103 /* button.swift in Sources */ = {isa = PBXBuildFile; fileRef = EC606F012C57D1320015F103 /* button.swift */; };
		EC606F072C57D1F20015F103 /* SignInUpBackground.swift in Sources */ = {isa = PBXBuildFile; fileRef = EC606F062C57D1F20015F103 /* SignInUpBackground.swift */; };
		EC606F0B2C57D2DE0015F103 /* SignUpView.swift in Sources */ = {isa = PBXBuildFile; fileRef = EC606F0A2C57D2DE0015F103 /* SignUpView.swift */; };
		EC606F0D2C57D46D0015F103 /* MailTextField.swift in Sources */ = {isa = PBXBuildFile; fileRef = EC606F0C2C57D46D0015F103 /* MailTextField.swift */; };
		EC606F0F2C57E1040015F103 /* LoginView.swift in Sources */ = {isa = PBXBuildFile; fileRef = EC606F0E2C57E1040015F103 /* LoginView.swift */; };
		EC606F152C58F61F0015F103 /* RootView.swift in Sources */ = {isa = PBXBuildFile; fileRef = EC606F142C58F61F0015F103 /* RootView.swift */; };
		EC606F182C5FB44C0015F103 /* GoogleSignIn in Frameworks */ = {isa = PBXBuildFile; productRef = EC606F172C5FB44C0015F103 /* GoogleSignIn */; };
		EC606F1A2C5FB44C0015F103 /* GoogleSignInSwift in Frameworks */ = {isa = PBXBuildFile; productRef = EC606F192C5FB44C0015F103 /* GoogleSignInSwift */; };
		EC606F222C5FB7F80015F103 /* Utilities.swift in Sources */ = {isa = PBXBuildFile; fileRef = EC606F212C5FB7F80015F103 /* Utilities.swift */; };
		EC6760892DD739C50041C839 /* QuizDetailResponseModel.swift in Sources */ = {isa = PBXBuildFile; fileRef = EC6760882DD739BF0041C839 /* QuizDetailResponseModel.swift */; };
		EC67608E2DD73AA60041C839 /* QuizResultResponseModel.swift in Sources */ = {isa = PBXBuildFile; fileRef = EC67608C2DD73AA60041C839 /* QuizResultResponseModel.swift */; };
		EC67608F2DD73AA60041C839 /* UserQuizzesResponseModel.swift in Sources */ = {isa = PBXBuildFile; fileRef = EC67608D2DD73AA60041C839 /* UserQuizzesResponseModel.swift */; };
		EC67609E2DD781A10041C839 /* UserRepository.swift in Sources */ = {isa = PBXBuildFile; fileRef = EC67609D2DD781A10041C839 /* UserRepository.swift */; };
		EC731E5D2DCB87C0005A064A /* EggCellView.swift in Sources */ = {isa = PBXBuildFile; fileRef = EC731E5C2DCB87BD005A064A /* EggCellView.swift */; };
		EC731E632DCBCFB2005A064A /* PetCellView.swift in Sources */ = {isa = PBXBuildFile; fileRef = EC731E622DCBCFAE005A064A /* PetCellView.swift */; };
		EC731E652DCBD463005A064A /* PetItemView.swift in Sources */ = {isa = PBXBuildFile; fileRef = EC731E642DCBD45F005A064A /* PetItemView.swift */; };
		EC731E672DCBD8C3005A064A /* PetHeaderView.swift in Sources */ = {isa = PBXBuildFile; fileRef = EC731E662DCBD8BC005A064A /* PetHeaderView.swift */; };
		EC731E692DCBD8D4005A064A /* PetTabBarView.swift in Sources */ = {isa = PBXBuildFile; fileRef = EC731E682DCBD8D0005A064A /* PetTabBarView.swift */; };
		EC731E6B2DCBD8E9005A064A /* PetItemGridView.swift in Sources */ = {isa = PBXBuildFile; fileRef = EC731E6A2DCBD8E2005A064A /* PetItemGridView.swift */; };
		EC731E6D2DCBD8FB005A064A /* PetDeleteAlertView.swift in Sources */ = {isa = PBXBuildFile; fileRef = EC731E6C2DCBD8F7005A064A /* PetDeleteAlertView.swift */; };
		EC7A55D22DCD62BE006619EB /* SearchFriendView.swift in Sources */ = {isa = PBXBuildFile; fileRef = EC7A55D12DCD62B7006619EB /* SearchFriendView.swift */; };
		EC8AA8FC2C60FB96000C2478 /* SettingsButtonComp.swift in Sources */ = {isa = PBXBuildFile; fileRef = EC8AA8FB2C60FB96000C2478 /* SettingsButtonComp.swift */; };
		EC8AA8FE2C610142000C2478 /* HomeView.swift in Sources */ = {isa = PBXBuildFile; fileRef = EC8AA8FD2C610142000C2478 /* HomeView.swift */; };
		EC8AA9022C610205000C2478 /* CoupleQuestionView.swift in Sources */ = {isa = PBXBuildFile; fileRef = EC8AA9012C610205000C2478 /* CoupleQuestionView.swift */; };
		EC8D59C12D084DB30050740C /* Alamofire in Frameworks */ = {isa = PBXBuildFile; productRef = EC8D59C02D084DB30050740C /* Alamofire */; };
		EC8D59C72D0876300050740C /* AppState.swift in Sources */ = {isa = PBXBuildFile; fileRef = EC8D59C62D0876300050740C /* AppState.swift */; };
		EC8D59D22D089C8E0050740C /* FriendsViewModel.swift in Sources */ = {isa = PBXBuildFile; fileRef = EC8D59D12D089C8A0050740C /* FriendsViewModel.swift */; };
		EC8E5A472D7A6C59001B2335 /* PreviewDesignComponent.swift in Sources */ = {isa = PBXBuildFile; fileRef = EC8E5A462D7A6C59001B2335 /* PreviewDesignComponent.swift */; };
		EC8E5A4A2D7AA4E4001B2335 /* Localizable.swift in Sources */ = {isa = PBXBuildFile; fileRef = EC8E5A492D7AA4E4001B2335 /* Localizable.swift */; };
		EC8E5A4D2D7AA5C5001B2335 /* Localize_Swift in Frameworks */ = {isa = PBXBuildFile; productRef = EC8E5A4C2D7AA5C5001B2335 /* Localize_Swift */; };
		EC8E5A552D7AB2E7001B2335 /* Localizable.strings in Resources */ = {isa = PBXBuildFile; fileRef = EC8E5A512D7AA8EA001B2335 /* Localizable.strings */; };
		EC8E5A562D7AB2EC001B2335 /* Localizable.strings in Resources */ = {isa = PBXBuildFile; fileRef = EC8E5A532D7AA94A001B2335 /* Localizable.strings */; };
		EC91118A2DAAD5D9007D92B1 /* ShopScreenViewModel.swift in Sources */ = {isa = PBXBuildFile; fileRef = EC9111892DAAD5D5007D92B1 /* ShopScreenViewModel.swift */; };
		EC9111912DAC361E007D92B1 /* WidgetKit.framework in Frameworks */ = {isa = PBXBuildFile; fileRef = EC9111902DAC361E007D92B1 /* WidgetKit.framework */; };
		EC9111922DAC361E007D92B1 /* SwiftUI.framework in Frameworks */ = {isa = PBXBuildFile; fileRef = ECCC7B332CAAB3FB00B16C91 /* SwiftUI.framework */; };
		EC9111A32DAC361F007D92B1 /* PetiverseWidgetExtension.appex in Embed Foundation Extensions */ = {isa = PBXBuildFile; fileRef = EC91118F2DAC361E007D92B1 /* PetiverseWidgetExtension.appex */; settings = {ATTRIBUTES = (RemoveHeadersOnCopy, ); }; };
		EC95E5AE2D8B4B660011EA7A /* UserDefaults+Extensions.swift in Sources */ = {isa = PBXBuildFile; fileRef = EC95E5AD2D8B4B5E0011EA7A /* UserDefaults+Extensions.swift */; };
		EC989DB32CE8B14900E3FA82 /* LoginViewModel.swift in Sources */ = {isa = PBXBuildFile; fileRef = EC989DB22CE8B14900E3FA82 /* LoginViewModel.swift */; };
		EC989DB52CE8B19000E3FA82 /* SignUpViewModel.swift in Sources */ = {isa = PBXBuildFile; fileRef = EC989DB42CE8B19000E3FA82 /* SignUpViewModel.swift */; };
		EC98CD742D0B404600801BD1 /* MyWidgetsView.swift in Sources */ = {isa = PBXBuildFile; fileRef = EC98CD732D0B404500801BD1 /* MyWidgetsView.swift */; };
		ECAF55B32C75F19B0010B6CF /* EggAndPetsView.swift in Sources */ = {isa = PBXBuildFile; fileRef = ECAF55B22C75F19A0010B6CF /* EggAndPetsView.swift */; };
		ECB5F56C2D54DBB7001AC419 /* ProfileViewModel.swift in Sources */ = {isa = PBXBuildFile; fileRef = ECB5F56B2D54DBB2001AC419 /* ProfileViewModel.swift */; };
		ECB5F5702D54EA9C001AC419 /* QuestionView.swift in Sources */ = {isa = PBXBuildFile; fileRef = ECB5F56F2D54EA9C001AC419 /* QuestionView.swift */; };
		ECB5F5992D5637A4001AC419 /* Font+Extensions.swift in Sources */ = {isa = PBXBuildFile; fileRef = ECB5F5982D5637A4001AC419 /* Font+Extensions.swift */; };
		ECBA63B02DBBC54500A3F6C9 /* BuyButtomSheetView.swift in Sources */ = {isa = PBXBuildFile; fileRef = ECBA63AF2DBBC53E00A3F6C9 /* BuyButtomSheetView.swift */; };
		ECC2BE542CA0486C00790C92 /* CanvasView.swift in Sources */ = {isa = PBXBuildFile; fileRef = ECC2BE532CA0486C00790C92 /* CanvasView.swift */; };
		ECC2BE562CA0491200790C92 /* ShareSheet.swift in Sources */ = {isa = PBXBuildFile; fileRef = ECC2BE552CA0491200790C92 /* ShareSheet.swift */; };
		ECC4FCD12C6CB61900E78F7F /* ProfileView.swift in Sources */ = {isa = PBXBuildFile; fileRef = ECC4FCD02C6CB61900E78F7F /* ProfileView.swift */; };
		ECCDFAF62DC954EB0044DAC2 /* Utilities + RequestFunc .swift in Sources */ = {isa = PBXBuildFile; fileRef = ECCDFAF52DC954DA0044DAC2 /* Utilities + RequestFunc .swift */; };
		ECCDFAF92DC956E20044DAC2 /* CurrentUserViewModel.swift in Sources */ = {isa = PBXBuildFile; fileRef = ECCDFAF82DC956DF0044DAC2 /* CurrentUserViewModel.swift */; };
		ECDFC4402D6D1C6A00FA450D /* Lottie in Frameworks */ = {isa = PBXBuildFile; productRef = ECDFC43F2D6D1C6A00FA450D /* Lottie */; };
		ECDFC4452D6D1CC400FA450D /* LoadingAnimationView.swift in Sources */ = {isa = PBXBuildFile; fileRef = ECDFC4442D6D1CC400FA450D /* LoadingAnimationView.swift */; };
		ECDFC4492D6D211400FA450D /* LoadingAnimation.json in Resources */ = {isa = PBXBuildFile; fileRef = ECDFC4482D6D211400FA450D /* LoadingAnimation.json */; };
		ECF37DC52DD11A2400552613 /* WallpaperView.swift in Sources */ = {isa = PBXBuildFile; fileRef = ECF37DC42DD11A1D00552613 /* WallpaperView.swift */; };
		ECF37DFD2DD24FA800552613 /* ValidationUtility.swift in Sources */ = {isa = PBXBuildFile; fileRef = ECF37DFC2DD24FA200552613 /* ValidationUtility.swift */; };
		ECF3A0422DD650A70052990B /* ErrorResponseModel.swift in Sources */ = {isa = PBXBuildFile; fileRef = ECF3A02F2DD650A70052990B /* ErrorResponseModel.swift */; };
		ECF3A0462DD651940052990B /* LoginResponseModel.swift in Sources */ = {isa = PBXBuildFile; fileRef = ECF3A0452DD6518F0052990B /* LoginResponseModel.swift */; };
		ECF3A0482DD651C00052990B /* SignUpResponseBody.swift in Sources */ = {isa = PBXBuildFile; fileRef = ECF3A0472DD651BF0052990B /* SignUpResponseBody.swift */; };
		ECF3A04A2DD651EF0052990B /* GetMeResponseModel.swift in Sources */ = {isa = PBXBuildFile; fileRef = ECF3A0492DD651EA0052990B /* GetMeResponseModel.swift */; };
		ECF3A04C2DD6520B0052990B /* GetPetsResponseModel.swift in Sources */ = {isa = PBXBuildFile; fileRef = ECF3A04B2DD652030052990B /* GetPetsResponseModel.swift */; };
		ECF3A04E2DD6524E0052990B /* PetsModel.swift in Sources */ = {isa = PBXBuildFile; fileRef = ECF3A04D2DD6524B0052990B /* PetsModel.swift */; };
		ECF3A0502DD6527D0052990B /* HatchPetsResponseModel.swift in Sources */ = {isa = PBXBuildFile; fileRef = ECF3A04F2DD6527B0052990B /* HatchPetsResponseModel.swift */; };
		ECF3A0522DD652920052990B /* FriendsResponseModel.swift in Sources */ = {isa = PBXBuildFile; fileRef = ECF3A0512DD652910052990B /* FriendsResponseModel.swift */; };
		ECF3A0542DD652B20052990B /* GetInventoryResponseModel.swift in Sources */ = {isa = PBXBuildFile; fileRef = ECF3A0532DD652B10052990B /* GetInventoryResponseModel.swift */; };
		ECF3A0562DD652C30052990B /* GetAllShopItems.swift in Sources */ = {isa = PBXBuildFile; fileRef = ECF3A0552DD652BE0052990B /* GetAllShopItems.swift */; };
		ECF3A0582DD652F70052990B /* QuizResponseModel.swift in Sources */ = {isa = PBXBuildFile; fileRef = ECF3A0572DD652F00052990B /* QuizResponseModel.swift */; };
		ECF3A05A2DD6533B0052990B /* LoginRequestModel.swift in Sources */ = {isa = PBXBuildFile; fileRef = ECF3A0592DD653340052990B /* LoginRequestModel.swift */; };
		ECF3A05C2DD653450052990B /* SignUpRequestModel.swift in Sources */ = {isa = PBXBuildFile; fileRef = ECF3A05B2DD653450052990B /* SignUpRequestModel.swift */; };
		ECF3A0692DD653BB0052990B /* TakeQuizRequestModel.swift in Sources */ = {isa = PBXBuildFile; fileRef = ECF3A0682DD653BB0052990B /* TakeQuizRequestModel.swift */; };
		ECF3A0712DD655E70052990B /* User.swift in Sources */ = {isa = PBXBuildFile; fileRef = ECF3A0702DD655E70052990B /* User.swift */; };
		ECF3A0732DD656130052990B /* QuizResultForQuizRequest.swift in Sources */ = {isa = PBXBuildFile; fileRef = ECF3A0722DD656130052990B /* QuizResultForQuizRequest.swift */; };
		ECF3A0752DD656340052990B /* StartQuizResultRequest.swift in Sources */ = {isa = PBXBuildFile; fileRef = ECF3A0742DD656340052990B /* StartQuizResultRequest.swift */; };
		ECF3EAC12D63734100EEFBB2 /* QuizResultView.swift in Sources */ = {isa = PBXBuildFile; fileRef = ECF3EAC02D63734100EEFBB2 /* QuizResultView.swift */; };
		ECF3EACD2D6384ED00EEFBB2 /* PaywallView.swift in Sources */ = {isa = PBXBuildFile; fileRef = ECF3EACC2D6384ED00EEFBB2 /* PaywallView.swift */; };
/* End PBXBuildFile section */

/* Begin PBXContainerItemProxy section */
		EC9111A12DAC361F007D92B1 /* PBXContainerItemProxy */ = {
			isa = PBXContainerItemProxy;
			containerPortal = EC606ECB2C57B7040015F103 /* Project object */;
			proxyType = 1;
			remoteGlobalIDString = EC91118E2DAC361E007D92B1;
			remoteInfo = PetiverseWidgetExtension;
		};
/* End PBXContainerItemProxy section */

/* Begin PBXCopyFilesBuildPhase section */
		EC8D59C52D085B2B0050740C /* Embed Frameworks */ = {
			isa = PBXCopyFilesBuildPhase;
			buildActionMask = 2147483647;
			dstPath = "";
			dstSubfolderSpec = 10;
			files = (
			);
			name = "Embed Frameworks";
			runOnlyForDeploymentPostprocessing = 0;
		};
		ECCC7B442CAAB3FD00B16C91 /* Embed Foundation Extensions */ = {
			isa = PBXCopyFilesBuildPhase;
			buildActionMask = 2147483647;
			dstPath = "";
			dstSubfolderSpec = 13;
			files = (
				EC9111A32DAC361F007D92B1 /* PetiverseWidgetExtension.appex in Embed Foundation Extensions */,
			);
			name = "Embed Foundation Extensions";
			runOnlyForDeploymentPostprocessing = 0;
		};
/* End PBXCopyFilesBuildPhase section */

/* Begin PBXFileReference section */
		EC02CA392DD64D2900CB53EE /* AuthRepository.swift */ = {isa = PBXFileReference; lastKnownFileType = sourcecode.swift; path = AuthRepository.swift; sourceTree = "<group>"; };
		EC02CA3A2DD64D2900CB53EE /* BaseRepository.swift */ = {isa = PBXFileReference; lastKnownFileType = sourcecode.swift; path = BaseRepository.swift; sourceTree = "<group>"; };
		EC02CA3B2DD64D2900CB53EE /* FriendsRepository.swift */ = {isa = PBXFileReference; lastKnownFileType = sourcecode.swift; path = FriendsRepository.swift; sourceTree = "<group>"; };
		EC02CA3C2DD64D2900CB53EE /* InventoryRepository.swift */ = {isa = PBXFileReference; lastKnownFileType = sourcecode.swift; path = InventoryRepository.swift; sourceTree = "<group>"; };
		EC02CA3D2DD64D2900CB53EE /* PetRepository.swift */ = {isa = PBXFileReference; lastKnownFileType = sourcecode.swift; path = PetRepository.swift; sourceTree = "<group>"; };
		EC02CA3E2DD64D2900CB53EE /* QuizRepository.swift */ = {isa = PBXFileReference; lastKnownFileType = sourcecode.swift; path = QuizRepository.swift; sourceTree = "<group>"; };
		EC02CA3F2DD64D2900CB53EE /* ShopRepository.swift */ = {isa = PBXFileReference; lastKnownFileType = sourcecode.swift; path = ShopRepository.swift; sourceTree = "<group>"; };
		EC02CA412DD64D2900CB53EE /* Endpoint.swift */ = {isa = PBXFileReference; lastKnownFileType = sourcecode.swift; path = Endpoint.swift; sourceTree = "<group>"; };
		EC02CA422DD64D2900CB53EE /* HTTPMethod.swift */ = {isa = PBXFileReference; lastKnownFileType = sourcecode.swift; path = HTTPMethod.swift; sourceTree = "<group>"; };
		EC02CA432DD64D2900CB53EE /* NetworkError.swift */ = {isa = PBXFileReference; lastKnownFileType = sourcecode.swift; path = NetworkError.swift; sourceTree = "<group>"; };
		EC02CA442DD64D2900CB53EE /* NetworkManager.swift */ = {isa = PBXFileReference; lastKnownFileType = sourcecode.swift; path = NetworkManager.swift; sourceTree = "<group>"; };
		EC02CA452DD64D2900CB53EE /* ServiceLocator.swift */ = {isa = PBXFileReference; lastKnownFileType = sourcecode.swift; path = ServiceLocator.swift; sourceTree = "<group>"; };
		EC02CA4A2DD64D2900CB53EE /* RepositoryProvider.swift */ = {isa = PBXFileReference; lastKnownFileType = sourcecode.swift; path = RepositoryProvider.swift; sourceTree = "<group>"; };
		EC02EBC72DC950790019668C /* InventoryViewModel.swift */ = {isa = PBXFileReference; lastKnownFileType = sourcecode.swift; path = InventoryViewModel.swift; sourceTree = "<group>"; };
		EC071D132C7C7C0C00D269A6 /* EmotionsView.swift */ = {isa = PBXFileReference; lastKnownFileType = sourcecode.swift; path = EmotionsView.swift; sourceTree = "<group>"; };
		EC08F0D42C9C641000F6574D /* PasswordTextField.swift */ = {isa = PBXFileReference; lastKnownFileType = sourcecode.swift; path = PasswordTextField.swift; sourceTree = "<group>"; };
		EC1108312C622C3700E91D93 /* ShopScreenView.swift */ = {isa = PBXFileReference; lastKnownFileType = sourcecode.swift; path = ShopScreenView.swift; sourceTree = "<group>"; };
		EC1108332C622F1200E91D93 /* FriendsView.swift */ = {isa = PBXFileReference; lastKnownFileType = sourcecode.swift; path = FriendsView.swift; sourceTree = "<group>"; };
		EC15E63B2DCF984A00B885A2 /* ProfileEditViewModel.swift */ = {isa = PBXFileReference; lastKnownFileType = sourcecode.swift; path = ProfileEditViewModel.swift; sourceTree = "<group>"; };
		EC17F7052DC166A700956696 /* BuyPackageCounterPopUpView.swift */ = {isa = PBXFileReference; lastKnownFileType = sourcecode.swift; path = BuyPackageCounterPopUpView.swift; sourceTree = "<group>"; };
		EC1B965D2C9EF6E7001C5773 /* NoteView.swift */ = {isa = PBXFileReference; lastKnownFileType = sourcecode.swift; path = NoteView.swift; sourceTree = "<group>"; };
		EC1B965F2C9EFC83001C5773 /* QuestionComponent.swift */ = {isa = PBXFileReference; lastKnownFileType = sourcecode.swift; path = QuestionComponent.swift; sourceTree = "<group>"; };
		EC1CE96F2D4D3C400082FD4F /* OnboardingView.swift */ = {isa = PBXFileReference; lastKnownFileType = sourcecode.swift; path = OnboardingView.swift; sourceTree = "<group>"; };
		EC1CE9722D4D412F0082FD4F /* Nunito-Italic-VariableFont_wght.ttf */ = {isa = PBXFileReference; lastKnownFileType = file; path = "Nunito-Italic-VariableFont_wght.ttf"; sourceTree = "<group>"; };
		EC1CE9732D4D412F0082FD4F /* Nunito-VariableFont_wght.ttf */ = {isa = PBXFileReference; lastKnownFileType = file; path = "Nunito-VariableFont_wght.ttf"; sourceTree = "<group>"; };
		EC1CE99F2D5238150082FD4F /* CoupleQuestionViewModel.swift */ = {isa = PBXFileReference; lastKnownFileType = sourcecode.swift; path = CoupleQuestionViewModel.swift; sourceTree = "<group>"; };
		EC561BFA2C88A31900D90B4A /* PetCareView.swift */ = {isa = PBXFileReference; lastKnownFileType = sourcecode.swift; path = PetCareView.swift; sourceTree = "<group>"; };
		EC561BFC2C8B41AC00D90B4A /* PremiumView.swift */ = {isa = PBXFileReference; lastKnownFileType = sourcecode.swift; path = PremiumView.swift; sourceTree = "<group>"; };
		EC561BFE2C8B4CB500D90B4A /* ProfileEditView.swift */ = {isa = PBXFileReference; lastKnownFileType = sourcecode.swift; path = ProfileEditView.swift; sourceTree = "<group>"; };
		EC606ED32C57B7040015F103 /* RaisingPet.app */ = {isa = PBXFileReference; explicitFileType = wrapper.application; includeInIndex = 0; path = RaisingPet.app; sourceTree = BUILT_PRODUCTS_DIR; };
		EC606ED62C57B7040015F103 /* RaisingPetApp.swift */ = {isa = PBXFileReference; lastKnownFileType = sourcecode.swift; path = RaisingPetApp.swift; sourceTree = "<group>"; };
		EC606ED82C57B7040015F103 /* SplashView.swift */ = {isa = PBXFileReference; lastKnownFileType = sourcecode.swift; path = SplashView.swift; sourceTree = "<group>"; };
		EC606EDA2C57B7060015F103 /* Assets.xcassets */ = {isa = PBXFileReference; lastKnownFileType = folder.assetcatalog; path = Assets.xcassets; sourceTree = "<group>"; };
		EC606EDD2C57B7060015F103 /* Preview Assets.xcassets */ = {isa = PBXFileReference; lastKnownFileType = folder.assetcatalog; path = "Preview Assets.xcassets"; sourceTree = "<group>"; };
		EC606F012C57D1320015F103 /* button.swift */ = {isa = PBXFileReference; lastKnownFileType = sourcecode.swift; path = button.swift; sourceTree = "<group>"; };
		EC606F062C57D1F20015F103 /* SignInUpBackground.swift */ = {isa = PBXFileReference; lastKnownFileType = sourcecode.swift; path = SignInUpBackground.swift; sourceTree = "<group>"; };
		EC606F0A2C57D2DE0015F103 /* SignUpView.swift */ = {isa = PBXFileReference; lastKnownFileType = sourcecode.swift; path = SignUpView.swift; sourceTree = "<group>"; };
		EC606F0C2C57D46D0015F103 /* MailTextField.swift */ = {isa = PBXFileReference; lastKnownFileType = sourcecode.swift; path = MailTextField.swift; sourceTree = "<group>"; };
		EC606F0E2C57E1040015F103 /* LoginView.swift */ = {isa = PBXFileReference; lastKnownFileType = sourcecode.swift; path = LoginView.swift; sourceTree = "<group>"; };
		EC606F142C58F61F0015F103 /* RootView.swift */ = {isa = PBXFileReference; lastKnownFileType = sourcecode.swift; path = RootView.swift; sourceTree = "<group>"; };
		EC606F1F2C5FB4D80015F103 /* Info.plist */ = {isa = PBXFileReference; lastKnownFileType = text.plist; path = Info.plist; sourceTree = "<group>"; };
		EC606F212C5FB7F80015F103 /* Utilities.swift */ = {isa = PBXFileReference; lastKnownFileType = sourcecode.swift; path = Utilities.swift; sourceTree = "<group>"; };
		EC6760882DD739BF0041C839 /* QuizDetailResponseModel.swift */ = {isa = PBXFileReference; lastKnownFileType = sourcecode.swift; path = QuizDetailResponseModel.swift; sourceTree = "<group>"; };
		EC67608C2DD73AA60041C839 /* QuizResultResponseModel.swift */ = {isa = PBXFileReference; lastKnownFileType = sourcecode.swift; path = QuizResultResponseModel.swift; sourceTree = "<group>"; };
		EC67608D2DD73AA60041C839 /* UserQuizzesResponseModel.swift */ = {isa = PBXFileReference; lastKnownFileType = sourcecode.swift; path = UserQuizzesResponseModel.swift; sourceTree = "<group>"; };
		EC67609D2DD781A10041C839 /* UserRepository.swift */ = {isa = PBXFileReference; lastKnownFileType = sourcecode.swift; path = UserRepository.swift; sourceTree = "<group>"; };
		EC731E5C2DCB87BD005A064A /* EggCellView.swift */ = {isa = PBXFileReference; lastKnownFileType = sourcecode.swift; path = EggCellView.swift; sourceTree = "<group>"; };
		EC731E622DCBCFAE005A064A /* PetCellView.swift */ = {isa = PBXFileReference; lastKnownFileType = sourcecode.swift; path = PetCellView.swift; sourceTree = "<group>"; };
		EC731E642DCBD45F005A064A /* PetItemView.swift */ = {isa = PBXFileReference; lastKnownFileType = sourcecode.swift; path = PetItemView.swift; sourceTree = "<group>"; };
		EC731E662DCBD8BC005A064A /* PetHeaderView.swift */ = {isa = PBXFileReference; lastKnownFileType = sourcecode.swift; path = PetHeaderView.swift; sourceTree = "<group>"; };
		EC731E682DCBD8D0005A064A /* PetTabBarView.swift */ = {isa = PBXFileReference; lastKnownFileType = sourcecode.swift; path = PetTabBarView.swift; sourceTree = "<group>"; };
		EC731E6A2DCBD8E2005A064A /* PetItemGridView.swift */ = {isa = PBXFileReference; lastKnownFileType = sourcecode.swift; path = PetItemGridView.swift; sourceTree = "<group>"; };
		EC731E6C2DCBD8F7005A064A /* PetDeleteAlertView.swift */ = {isa = PBXFileReference; lastKnownFileType = sourcecode.swift; path = PetDeleteAlertView.swift; sourceTree = "<group>"; };
		EC7A55D12DCD62B7006619EB /* SearchFriendView.swift */ = {isa = PBXFileReference; lastKnownFileType = sourcecode.swift; path = SearchFriendView.swift; sourceTree = "<group>"; };
		EC8AA8FB2C60FB96000C2478 /* SettingsButtonComp.swift */ = {isa = PBXFileReference; lastKnownFileType = sourcecode.swift; path = SettingsButtonComp.swift; sourceTree = "<group>"; };
		EC8AA8FD2C610142000C2478 /* HomeView.swift */ = {isa = PBXFileReference; lastKnownFileType = sourcecode.swift; path = HomeView.swift; sourceTree = "<group>"; };
		EC8AA9012C610205000C2478 /* CoupleQuestionView.swift */ = {isa = PBXFileReference; lastKnownFileType = sourcecode.swift; path = CoupleQuestionView.swift; sourceTree = "<group>"; };
		EC8D59C62D0876300050740C /* AppState.swift */ = {isa = PBXFileReference; lastKnownFileType = sourcecode.swift; path = AppState.swift; sourceTree = "<group>"; };
		EC8D59D12D089C8A0050740C /* FriendsViewModel.swift */ = {isa = PBXFileReference; lastKnownFileType = sourcecode.swift; path = FriendsViewModel.swift; sourceTree = "<group>"; };
		EC8E5A462D7A6C59001B2335 /* PreviewDesignComponent.swift */ = {isa = PBXFileReference; lastKnownFileType = sourcecode.swift; path = PreviewDesignComponent.swift; sourceTree = "<group>"; };
		EC8E5A492D7AA4E4001B2335 /* Localizable.swift */ = {isa = PBXFileReference; lastKnownFileType = sourcecode.swift; path = Localizable.swift; sourceTree = "<group>"; };
		EC8E5A522D7AA8EA001B2335 /* tr */ = {isa = PBXFileReference; lastKnownFileType = text.plist.strings; name = tr; path = Localizable.strings; sourceTree = "<group>"; };
		EC8E5A542D7AA94A001B2335 /* en */ = {isa = PBXFileReference; lastKnownFileType = text.plist.strings; name = en; path = Localizable.strings; sourceTree = "<group>"; };
		EC9111892DAAD5D5007D92B1 /* ShopScreenViewModel.swift */ = {isa = PBXFileReference; lastKnownFileType = sourcecode.swift; path = ShopScreenViewModel.swift; sourceTree = "<group>"; };
		EC91118F2DAC361E007D92B1 /* PetiverseWidgetExtension.appex */ = {isa = PBXFileReference; explicitFileType = "wrapper.app-extension"; includeInIndex = 0; path = PetiverseWidgetExtension.appex; sourceTree = BUILT_PRODUCTS_DIR; };
		EC9111902DAC361E007D92B1 /* WidgetKit.framework */ = {isa = PBXFileReference; lastKnownFileType = wrapper.framework; name = WidgetKit.framework; path = System/Library/Frameworks/WidgetKit.framework; sourceTree = SDKROOT; };
		EC95E5AD2D8B4B5E0011EA7A /* UserDefaults+Extensions.swift */ = {isa = PBXFileReference; lastKnownFileType = sourcecode.swift; path = "UserDefaults+Extensions.swift"; sourceTree = "<group>"; };
		EC989DB22CE8B14900E3FA82 /* LoginViewModel.swift */ = {isa = PBXFileReference; lastKnownFileType = sourcecode.swift; path = LoginViewModel.swift; sourceTree = "<group>"; };
		EC989DB42CE8B19000E3FA82 /* SignUpViewModel.swift */ = {isa = PBXFileReference; lastKnownFileType = sourcecode.swift; path = SignUpViewModel.swift; sourceTree = "<group>"; };
		EC98CD732D0B404500801BD1 /* MyWidgetsView.swift */ = {isa = PBXFileReference; lastKnownFileType = sourcecode.swift; path = MyWidgetsView.swift; sourceTree = "<group>"; };
		ECAF55B22C75F19A0010B6CF /* EggAndPetsView.swift */ = {isa = PBXFileReference; lastKnownFileType = sourcecode.swift; path = EggAndPetsView.swift; sourceTree = "<group>"; };
		ECB5F56B2D54DBB2001AC419 /* ProfileViewModel.swift */ = {isa = PBXFileReference; lastKnownFileType = sourcecode.swift; path = ProfileViewModel.swift; sourceTree = "<group>"; };
		ECB5F56F2D54EA9C001AC419 /* QuestionView.swift */ = {isa = PBXFileReference; lastKnownFileType = sourcecode.swift; path = QuestionView.swift; sourceTree = "<group>"; };
		ECB5F5982D5637A4001AC419 /* Font+Extensions.swift */ = {isa = PBXFileReference; lastKnownFileType = sourcecode.swift; path = "Font+Extensions.swift"; sourceTree = "<group>"; };
		ECBA63AF2DBBC53E00A3F6C9 /* BuyButtomSheetView.swift */ = {isa = PBXFileReference; lastKnownFileType = sourcecode.swift; path = BuyButtomSheetView.swift; sourceTree = "<group>"; };
		ECC2BE532CA0486C00790C92 /* CanvasView.swift */ = {isa = PBXFileReference; lastKnownFileType = sourcecode.swift; path = CanvasView.swift; sourceTree = "<group>"; };
		ECC2BE552CA0491200790C92 /* ShareSheet.swift */ = {isa = PBXFileReference; lastKnownFileType = sourcecode.swift; path = ShareSheet.swift; sourceTree = "<group>"; };
		ECC4FCD02C6CB61900E78F7F /* ProfileView.swift */ = {isa = PBXFileReference; lastKnownFileType = sourcecode.swift; path = ProfileView.swift; sourceTree = "<group>"; };
		ECCC7B332CAAB3FB00B16C91 /* SwiftUI.framework */ = {isa = PBXFileReference; lastKnownFileType = wrapper.framework; name = SwiftUI.framework; path = System/Library/Frameworks/SwiftUI.framework; sourceTree = SDKROOT; };
		ECCC7B492CAAB41F00B16C91 /* RaisingPet.entitlements */ = {isa = PBXFileReference; lastKnownFileType = text.plist.entitlements; path = RaisingPet.entitlements; sourceTree = "<group>"; };
		ECCDFAF52DC954DA0044DAC2 /* Utilities + RequestFunc .swift */ = {isa = PBXFileReference; lastKnownFileType = sourcecode.swift; path = "Utilities + RequestFunc .swift"; sourceTree = "<group>"; };
		ECCDFAF82DC956DF0044DAC2 /* CurrentUserViewModel.swift */ = {isa = PBXFileReference; lastKnownFileType = sourcecode.swift; path = CurrentUserViewModel.swift; sourceTree = "<group>"; };
		ECDFC4442D6D1CC400FA450D /* LoadingAnimationView.swift */ = {isa = PBXFileReference; lastKnownFileType = sourcecode.swift; path = LoadingAnimationView.swift; sourceTree = "<group>"; };
		ECDFC4482D6D211400FA450D /* LoadingAnimation.json */ = {isa = PBXFileReference; lastKnownFileType = text.json; path = LoadingAnimation.json; sourceTree = "<group>"; };
		ECF37DC42DD11A1D00552613 /* WallpaperView.swift */ = {isa = PBXFileReference; lastKnownFileType = sourcecode.swift; path = WallpaperView.swift; sourceTree = "<group>"; };
		ECF37DFC2DD24FA200552613 /* ValidationUtility.swift */ = {isa = PBXFileReference; lastKnownFileType = sourcecode.swift; path = ValidationUtility.swift; sourceTree = "<group>"; };
		ECF3A02F2DD650A70052990B /* ErrorResponseModel.swift */ = {isa = PBXFileReference; lastKnownFileType = sourcecode.swift; path = ErrorResponseModel.swift; sourceTree = "<group>"; };
		ECF3A0452DD6518F0052990B /* LoginResponseModel.swift */ = {isa = PBXFileReference; lastKnownFileType = sourcecode.swift; path = LoginResponseModel.swift; sourceTree = "<group>"; };
		ECF3A0472DD651BF0052990B /* SignUpResponseBody.swift */ = {isa = PBXFileReference; lastKnownFileType = sourcecode.swift; path = SignUpResponseBody.swift; sourceTree = "<group>"; };
		ECF3A0492DD651EA0052990B /* GetMeResponseModel.swift */ = {isa = PBXFileReference; lastKnownFileType = sourcecode.swift; path = GetMeResponseModel.swift; sourceTree = "<group>"; };
		ECF3A04B2DD652030052990B /* GetPetsResponseModel.swift */ = {isa = PBXFileReference; lastKnownFileType = sourcecode.swift; path = GetPetsResponseModel.swift; sourceTree = "<group>"; };
		ECF3A04D2DD6524B0052990B /* PetsModel.swift */ = {isa = PBXFileReference; lastKnownFileType = sourcecode.swift; path = PetsModel.swift; sourceTree = "<group>"; };
		ECF3A04F2DD6527B0052990B /* HatchPetsResponseModel.swift */ = {isa = PBXFileReference; lastKnownFileType = sourcecode.swift; path = HatchPetsResponseModel.swift; sourceTree = "<group>"; };
		ECF3A0512DD652910052990B /* FriendsResponseModel.swift */ = {isa = PBXFileReference; lastKnownFileType = sourcecode.swift; path = FriendsResponseModel.swift; sourceTree = "<group>"; };
		ECF3A0532DD652B10052990B /* GetInventoryResponseModel.swift */ = {isa = PBXFileReference; lastKnownFileType = sourcecode.swift; path = GetInventoryResponseModel.swift; sourceTree = "<group>"; };
		ECF3A0552DD652BE0052990B /* GetAllShopItems.swift */ = {isa = PBXFileReference; lastKnownFileType = sourcecode.swift; path = GetAllShopItems.swift; sourceTree = "<group>"; };
		ECF3A0572DD652F00052990B /* QuizResponseModel.swift */ = {isa = PBXFileReference; lastKnownFileType = sourcecode.swift; path = QuizResponseModel.swift; sourceTree = "<group>"; };
		ECF3A0592DD653340052990B /* LoginRequestModel.swift */ = {isa = PBXFileReference; lastKnownFileType = sourcecode.swift; path = LoginRequestModel.swift; sourceTree = "<group>"; };
		ECF3A05B2DD653450052990B /* SignUpRequestModel.swift */ = {isa = PBXFileReference; lastKnownFileType = sourcecode.swift; path = SignUpRequestModel.swift; sourceTree = "<group>"; };
		ECF3A0682DD653BB0052990B /* TakeQuizRequestModel.swift */ = {isa = PBXFileReference; lastKnownFileType = sourcecode.swift; path = TakeQuizRequestModel.swift; sourceTree = "<group>"; };
		ECF3A0702DD655E70052990B /* User.swift */ = {isa = PBXFileReference; lastKnownFileType = sourcecode.swift; path = User.swift; sourceTree = "<group>"; };
		ECF3A0722DD656130052990B /* QuizResultForQuizRequest.swift */ = {isa = PBXFileReference; lastKnownFileType = sourcecode.swift; path = QuizResultForQuizRequest.swift; sourceTree = "<group>"; };
		ECF3A0742DD656340052990B /* StartQuizResultRequest.swift */ = {isa = PBXFileReference; lastKnownFileType = sourcecode.swift; path = StartQuizResultRequest.swift; sourceTree = "<group>"; };
		ECF3EAC02D63734100EEFBB2 /* QuizResultView.swift */ = {isa = PBXFileReference; lastKnownFileType = sourcecode.swift; path = QuizResultView.swift; sourceTree = "<group>"; };
		ECF3EACC2D6384ED00EEFBB2 /* PaywallView.swift */ = {isa = PBXFileReference; lastKnownFileType = sourcecode.swift; path = PaywallView.swift; sourceTree = "<group>"; };
/* End PBXFileReference section */

/* Begin PBXFileSystemSynchronizedBuildFileExceptionSet section */
		EC9111A42DAC361F007D92B1 /* PBXFileSystemSynchronizedBuildFileExceptionSet */ = {
			isa = PBXFileSystemSynchronizedBuildFileExceptionSet;
			membershipExceptions = (
				Info.plist,
			);
			target = EC91118E2DAC361E007D92B1 /* PetiverseWidgetExtension */;
		};
/* End PBXFileSystemSynchronizedBuildFileExceptionSet section */

/* Begin PBXFileSystemSynchronizedRootGroup section */
		EC9111932DAC361E007D92B1 /* PetiverseWidget */ = {isa = PBXFileSystemSynchronizedRootGroup; exceptions = (EC9111A42DAC361F007D92B1 /* PBXFileSystemSynchronizedBuildFileExceptionSet */, ); explicitFileTypes = {}; explicitFolders = (); path = PetiverseWidget; sourceTree = "<group>"; };
		EC989DB92CE8DA2900E3FA82 /* Widgets */ = {isa = PBXFileSystemSynchronizedRootGroup; explicitFileTypes = {}; explicitFolders = (); path = Widgets; sourceTree = "<group>"; };
/* End PBXFileSystemSynchronizedRootGroup section */

/* Begin PBXFrameworksBuildPhase section */
		EC606ED02C57B7040015F103 /* Frameworks */ = {
			isa = PBXFrameworksBuildPhase;
			buildActionMask = 2147483647;
			files = (
				EC8D59C12D084DB30050740C /* Alamofire in Frameworks */,
				EC606F182C5FB44C0015F103 /* GoogleSignIn in Frameworks */,
				EC02EBC52DC921F30019668C /* netfox in Frameworks */,
				EC8E5A4D2D7AA5C5001B2335 /* Localize_Swift in Frameworks */,
				EC606F1A2C5FB44C0015F103 /* GoogleSignInSwift in Frameworks */,
				ECDFC4402D6D1C6A00FA450D /* Lottie in Frameworks */,
			);
			runOnlyForDeploymentPostprocessing = 0;
		};
		EC91118C2DAC361E007D92B1 /* Frameworks */ = {
			isa = PBXFrameworksBuildPhase;
			buildActionMask = 2147483647;
			files = (
				EC9111922DAC361E007D92B1 /* SwiftUI.framework in Frameworks */,
				EC9111912DAC361E007D92B1 /* WidgetKit.framework in Frameworks */,
			);
			runOnlyForDeploymentPostprocessing = 0;
		};
/* End PBXFrameworksBuildPhase section */

/* Begin PBXGroup section */
		EC02CA402DD64D2900CB53EE /* Repository */ = {
			isa = PBXGroup;
			children = (
				EC67609D2DD781A10041C839 /* UserRepository.swift */,
				EC02CA392DD64D2900CB53EE /* AuthRepository.swift */,
				EC02CA3A2DD64D2900CB53EE /* BaseRepository.swift */,
				EC02CA3B2DD64D2900CB53EE /* FriendsRepository.swift */,
				EC02CA3C2DD64D2900CB53EE /* InventoryRepository.swift */,
				EC02CA3D2DD64D2900CB53EE /* PetRepository.swift */,
				EC02CA3E2DD64D2900CB53EE /* QuizRepository.swift */,
				EC02CA3F2DD64D2900CB53EE /* ShopRepository.swift */,
			);
			path = Repository;
			sourceTree = "<group>";
		};
		EC02CA462DD64D2900CB53EE /* Core */ = {
			isa = PBXGroup;
			children = (
				EC02CA402DD64D2900CB53EE /* Repository */,
				EC02CA412DD64D2900CB53EE /* Endpoint.swift */,
				EC02CA422DD64D2900CB53EE /* HTTPMethod.swift */,
				EC02CA432DD64D2900CB53EE /* NetworkError.swift */,
				EC02CA442DD64D2900CB53EE /* NetworkManager.swift */,
				EC02CA452DD64D2900CB53EE /* ServiceLocator.swift */,
			);
			path = Core;
			sourceTree = "<group>";
		};
		EC02CA472DD64D2900CB53EE /* Request */ = {
			isa = PBXGroup;
			children = (
				ECF3A0592DD653340052990B /* LoginRequestModel.swift */,
				ECF3A05B2DD653450052990B /* SignUpRequestModel.swift */,
				ECF3A0722DD656130052990B /* QuizResultForQuizRequest.swift */,
				ECF3A0742DD656340052990B /* StartQuizResultRequest.swift */,
				ECF3A0682DD653BB0052990B /* TakeQuizRequestModel.swift */,
			);
			path = Request;
			sourceTree = "<group>";
		};
		EC02CA482DD64D2900CB53EE /* Response */ = {
			isa = PBXGroup;
			children = (
				EC67608C2DD73AA60041C839 /* QuizResultResponseModel.swift */,
				EC67608D2DD73AA60041C839 /* UserQuizzesResponseModel.swift */,
				EC6760882DD739BF0041C839 /* QuizDetailResponseModel.swift */,
				ECF3A0572DD652F00052990B /* QuizResponseModel.swift */,
				ECF3A0552DD652BE0052990B /* GetAllShopItems.swift */,
				ECF3A0532DD652B10052990B /* GetInventoryResponseModel.swift */,
				ECF3A0512DD652910052990B /* FriendsResponseModel.swift */,
				ECF3A04F2DD6527B0052990B /* HatchPetsResponseModel.swift */,
				ECF3A04D2DD6524B0052990B /* PetsModel.swift */,
				ECF3A04B2DD652030052990B /* GetPetsResponseModel.swift */,
				ECF3A0702DD655E70052990B /* User.swift */,
				ECF3A0492DD651EA0052990B /* GetMeResponseModel.swift */,
				ECF3A0472DD651BF0052990B /* SignUpResponseBody.swift */,
				ECF3A0452DD6518F0052990B /* LoginResponseModel.swift */,
				ECF3A02F2DD650A70052990B /* ErrorResponseModel.swift */,
			);
			path = Response;
			sourceTree = "<group>";
		};
		EC02CA492DD64D2900CB53EE /* DTO */ = {
			isa = PBXGroup;
			children = (
				EC02CA472DD64D2900CB53EE /* Request */,
				EC02CA482DD64D2900CB53EE /* Response */,
			);
			path = DTO;
			sourceTree = "<group>";
		};
		EC02CA4B2DD64D2900CB53EE /* Network */ = {
			isa = PBXGroup;
			children = (
				EC02CA462DD64D2900CB53EE /* Core */,
				EC02CA492DD64D2900CB53EE /* DTO */,
				EC02CA4A2DD64D2900CB53EE /* RepositoryProvider.swift */,
			);
			path = Network;
			sourceTree = "<group>";
		};
		EC02EBC62DC950700019668C /* PetCareView */ = {
			isa = PBXGroup;
			children = (
				EC731E662DCBD8BC005A064A /* PetHeaderView.swift */,
				EC731E682DCBD8D0005A064A /* PetTabBarView.swift */,
				EC731E6A2DCBD8E2005A064A /* PetItemGridView.swift */,
				EC731E6C2DCBD8F7005A064A /* PetDeleteAlertView.swift */,
				EC731E642DCBD45F005A064A /* PetItemView.swift */,
				EC02EBC72DC950790019668C /* InventoryViewModel.swift */,
				ECAF55B22C75F19A0010B6CF /* EggAndPetsView.swift */,
				EC731E5C2DCB87BD005A064A /* EggCellView.swift */,
				EC731E622DCBCFAE005A064A /* PetCellView.swift */,
				EC561BFA2C88A31900D90B4A /* PetCareView.swift */,
			);
			path = PetCareView;
			sourceTree = "<group>";
		};
		EC1108302C622BDA00E91D93 /* View */ = {
			isa = PBXGroup;
			children = (
				ECF3EACB2D6384E100EEFBB2 /* Paywall */,
				EC1CE96E2D4D3C130082FD4F /* OnBoarding */,
				EC989DB92CE8DA2900E3FA82 /* Widgets */,
				EC606F082C57D2A80015F103 /* SignInUp */,
				EC989DD62CE8DAE500E3FA82 /* TabBar */,
				EC989DD72CE8DB8C00E3FA82 /* Home */,
				EC989DD82CE8DC2600E3FA82 /* Premium */,
			);
			path = View;
			sourceTree = "<group>";
		};
		EC15E63A2DCF983F00B885A2 /* Profile */ = {
			isa = PBXGroup;
			children = (
				EC15E63B2DCF984A00B885A2 /* ProfileEditViewModel.swift */,
				EC561BFE2C8B4CB500D90B4A /* ProfileEditView.swift */,
				ECC4FCD02C6CB61900E78F7F /* ProfileView.swift */,
			);
			path = Profile;
			sourceTree = "<group>";
		};
		EC1CE96C2D4D3A840082FD4F /* Couple Question */ = {
			isa = PBXGroup;
			children = (
				EC8AA9012C610205000C2478 /* CoupleQuestionView.swift */,
				ECB5F56F2D54EA9C001AC419 /* QuestionView.swift */,
				ECF3EAC02D63734100EEFBB2 /* QuizResultView.swift */,
			);
			path = "Couple Question";
			sourceTree = "<group>";
		};
		EC1CE96E2D4D3C130082FD4F /* OnBoarding */ = {
			isa = PBXGroup;
			children = (
				EC1CE96F2D4D3C400082FD4F /* OnboardingView.swift */,
			);
			path = OnBoarding;
			sourceTree = "<group>";
		};
		EC1CE9712D4D411A0082FD4F /* FONT */ = {
			isa = PBXGroup;
			children = (
				EC1CE9722D4D412F0082FD4F /* Nunito-Italic-VariableFont_wght.ttf */,
				EC1CE9732D4D412F0082FD4F /* Nunito-VariableFont_wght.ttf */,
			);
			path = FONT;
			sourceTree = "<group>";
		};
		EC1CE99E2D5237FD0082FD4F /* CoupleQuestionViewModel */ = {
			isa = PBXGroup;
			children = (
				EC1CE99F2D5238150082FD4F /* CoupleQuestionViewModel.swift */,
			);
			path = CoupleQuestionViewModel;
			sourceTree = "<group>";
		};
		EC606ECA2C57B7040015F103 = {
			isa = PBXGroup;
			children = (
				EC606ED52C57B7040015F103 /* RaisingPet */,
				EC9111932DAC361E007D92B1 /* PetiverseWidget */,
				ECCC7B302CAAB3FB00B16C91 /* Frameworks */,
				EC606ED42C57B7040015F103 /* Products */,
			);
			sourceTree = "<group>";
		};
		EC606ED42C57B7040015F103 /* Products */ = {
			isa = PBXGroup;
			children = (
				EC606ED32C57B7040015F103 /* RaisingPet.app */,
				EC91118F2DAC361E007D92B1 /* PetiverseWidgetExtension.appex */,
			);
			name = Products;
			sourceTree = "<group>";
		};
		EC606ED52C57B7040015F103 /* RaisingPet */ = {
			isa = PBXGroup;
			children = (
				EC1CE9712D4D411A0082FD4F /* FONT */,
				ECCC7B492CAAB41F00B16C91 /* RaisingPet.entitlements */,
				EC606ED62C57B7040015F103 /* RaisingPetApp.swift */,
				EC606F142C58F61F0015F103 /* RootView.swift */,
				EC606F1F2C5FB4D80015F103 /* Info.plist */,
				EC8E5A4E2D7AA899001B2335 /* Resources */,
				EC8E5A482D7AA4D3001B2335 /* Helpers */,
				EC989DAD2CE8B0DD00E3FA82 /* ViewModels */,
				ECCB799A2CDA161C000A1923 /* Services */,
				EC606F202C5FB7E40015F103 /* Utilities */,
				EC606F002C57D10D0015F103 /* Components */,
				EC1108302C622BDA00E91D93 /* View */,
				EC606EDC2C57B7060015F103 /* Preview Content */,
				EC606EDA2C57B7060015F103 /* Assets.xcassets */,
			);
			path = RaisingPet;
			sourceTree = "<group>";
		};
		EC606EDC2C57B7060015F103 /* Preview Content */ = {
			isa = PBXGroup;
			children = (
				EC606EDD2C57B7060015F103 /* Preview Assets.xcassets */,
			);
			path = "Preview Content";
			sourceTree = "<group>";
		};
		EC606F002C57D10D0015F103 /* Components */ = {
			isa = PBXGroup;
			children = (
				EC606F012C57D1320015F103 /* button.swift */,
				EC606F062C57D1F20015F103 /* SignInUpBackground.swift */,
				EC8E5A462D7A6C59001B2335 /* PreviewDesignComponent.swift */,
				EC606F0C2C57D46D0015F103 /* MailTextField.swift */,
				EC8AA8FB2C60FB96000C2478 /* SettingsButtonComp.swift */,
				EC08F0D42C9C641000F6574D /* PasswordTextField.swift */,
				EC1B965F2C9EFC83001C5773 /* QuestionComponent.swift */,
				ECC2BE532CA0486C00790C92 /* CanvasView.swift */,
				ECC2BE552CA0491200790C92 /* ShareSheet.swift */,
			);
			path = Components;
			sourceTree = "<group>";
		};
		EC606F082C57D2A80015F103 /* SignInUp */ = {
			isa = PBXGroup;
			children = (
				EC606ED82C57B7040015F103 /* SplashView.swift */,
				EC606F0A2C57D2DE0015F103 /* SignUpView.swift */,
				EC606F0E2C57E1040015F103 /* LoginView.swift */,
			);
			path = SignInUp;
			sourceTree = "<group>";
		};
		EC606F202C5FB7E40015F103 /* Utilities */ = {
			isa = PBXGroup;
			children = (
				ECDFC4412D6D1C8300FA450D /* Animation */,
				ECB5F5972D563792001AC419 /* Extensions */,
				EC606F212C5FB7F80015F103 /* Utilities.swift */,
				ECCDFAF52DC954DA0044DAC2 /* Utilities + RequestFunc .swift */,
				ECF37DFC2DD24FA200552613 /* ValidationUtility.swift */,
			);
			path = Utilities;
			sourceTree = "<group>";
		};
		EC7A55D02DCD6261006619EB /* FriendsView */ = {
			isa = PBXGroup;
			children = (
				EC8D59D12D089C8A0050740C /* FriendsViewModel.swift */,
				EC1108332C622F1200E91D93 /* FriendsView.swift */,
				EC7A55D12DCD62B7006619EB /* SearchFriendView.swift */,
			);
			path = FriendsView;
			sourceTree = "<group>";
		};
		EC8E5A482D7AA4D3001B2335 /* Helpers */ = {
			isa = PBXGroup;
			children = (
				EC8E5A492D7AA4E4001B2335 /* Localizable.swift */,
			);
			path = Helpers;
			sourceTree = "<group>";
		};
		EC8E5A4E2D7AA899001B2335 /* Resources */ = {
			isa = PBXGroup;
			children = (
				EC8E5A502D7AA8CB001B2335 /* en.lproj */,
				EC8E5A4F2D7AA8BB001B2335 /* tr.lproj */,
			);
			path = Resources;
			sourceTree = "<group>";
		};
		EC8E5A4F2D7AA8BB001B2335 /* tr.lproj */ = {
			isa = PBXGroup;
			children = (
				EC8E5A512D7AA8EA001B2335 /* Localizable.strings */,
			);
			path = tr.lproj;
			sourceTree = "<group>";
		};
		EC8E5A502D7AA8CB001B2335 /* en.lproj */ = {
			isa = PBXGroup;
			children = (
				EC8E5A532D7AA94A001B2335 /* Localizable.strings */,
			);
			path = en.lproj;
			sourceTree = "<group>";
		};
		EC9111882DAAD5CB007D92B1 /* ShopScreenViewModel */ = {
			isa = PBXGroup;
			children = (
				EC9111892DAAD5D5007D92B1 /* ShopScreenViewModel.swift */,
			);
			path = ShopScreenViewModel;
			sourceTree = "<group>";
		};
		EC989DAD2CE8B0DD00E3FA82 /* ViewModels */ = {
			isa = PBXGroup;
			children = (
				EC9111882DAAD5CB007D92B1 /* ShopScreenViewModel */,
				ECB5F56A2D54DBA6001AC419 /* ProfileViewModel */,
				EC1CE99E2D5237FD0082FD4F /* CoupleQuestionViewModel */,
				EC989DAE2CE8B0E600E3FA82 /* SignViewModels */,
			);
			path = ViewModels;
			sourceTree = "<group>";
		};
		EC989DAE2CE8B0E600E3FA82 /* SignViewModels */ = {
			isa = PBXGroup;
			children = (
				EC989DB22CE8B14900E3FA82 /* LoginViewModel.swift */,
				EC989DB42CE8B19000E3FA82 /* SignUpViewModel.swift */,
				EC8D59C62D0876300050740C /* AppState.swift */,
			);
			path = SignViewModels;
			sourceTree = "<group>";
		};
		EC989DD62CE8DAE500E3FA82 /* TabBar */ = {
			isa = PBXGroup;
			children = (
				ECF37DC42DD11A1D00552613 /* WallpaperView.swift */,
				EC15E63A2DCF983F00B885A2 /* Profile */,
				EC1CE96C2D4D3A840082FD4F /* Couple Question */,
				EC071D132C7C7C0C00D269A6 /* EmotionsView.swift */,
				EC8AA8FD2C610142000C2478 /* HomeView.swift */,
			);
			path = TabBar;
			sourceTree = "<group>";
		};
		EC989DD72CE8DB8C00E3FA82 /* Home */ = {
			isa = PBXGroup;
			children = (
				EC7A55D02DCD6261006619EB /* FriendsView */,
				EC1B965D2C9EF6E7001C5773 /* NoteView.swift */,
				EC02EBC62DC950700019668C /* PetCareView */,
				EC1108312C622C3700E91D93 /* ShopScreenView.swift */,
				ECBA63AF2DBBC53E00A3F6C9 /* BuyButtomSheetView.swift */,
				EC17F7052DC166A700956696 /* BuyPackageCounterPopUpView.swift */,
				EC98CD732D0B404500801BD1 /* MyWidgetsView.swift */,
			);
			path = Home;
			sourceTree = "<group>";
		};
		EC989DD82CE8DC2600E3FA82 /* Premium */ = {
			isa = PBXGroup;
			children = (
				EC561BFC2C8B41AC00D90B4A /* PremiumView.swift */,
			);
			path = Premium;
			sourceTree = "<group>";
		};
		ECB5F56A2D54DBA6001AC419 /* ProfileViewModel */ = {
			isa = PBXGroup;
			children = (
				ECB5F56B2D54DBB2001AC419 /* ProfileViewModel.swift */,
			);
			path = ProfileViewModel;
			sourceTree = "<group>";
		};
		ECB5F5972D563792001AC419 /* Extensions */ = {
			isa = PBXGroup;
			children = (
				EC95E5AD2D8B4B5E0011EA7A /* UserDefaults+Extensions.swift */,
				ECB5F5982D5637A4001AC419 /* Font+Extensions.swift */,
			);
			path = Extensions;
			sourceTree = "<group>";
		};
		ECCB799A2CDA161C000A1923 /* Services */ = {
			isa = PBXGroup;
			children = (
				ECCDFAF72DC956DA0044DAC2 /* CurrentUser */,
				EC02CA4B2DD64D2900CB53EE /* Network */,
			);
			path = Services;
			sourceTree = "<group>";
		};
		ECCC7B302CAAB3FB00B16C91 /* Frameworks */ = {
			isa = PBXGroup;
			children = (
				ECCC7B332CAAB3FB00B16C91 /* SwiftUI.framework */,
				EC9111902DAC361E007D92B1 /* WidgetKit.framework */,
			);
			name = Frameworks;
			sourceTree = "<group>";
		};
		ECCDFAF72DC956DA0044DAC2 /* CurrentUser */ = {
			isa = PBXGroup;
			children = (
				ECCDFAF82DC956DF0044DAC2 /* CurrentUserViewModel.swift */,
			);
			path = CurrentUser;
			sourceTree = "<group>";
		};
		ECDFC4412D6D1C8300FA450D /* Animation */ = {
			isa = PBXGroup;
			children = (
				ECDFC4482D6D211400FA450D /* LoadingAnimation.json */,
				ECDFC4442D6D1CC400FA450D /* LoadingAnimationView.swift */,
			);
			path = Animation;
			sourceTree = "<group>";
		};
		ECF3EACB2D6384E100EEFBB2 /* Paywall */ = {
			isa = PBXGroup;
			children = (
				ECF3EACC2D6384ED00EEFBB2 /* PaywallView.swift */,
			);
			path = Paywall;
			sourceTree = "<group>";
		};
/* End PBXGroup section */

/* Begin PBXNativeTarget section */
		EC606ED22C57B7040015F103 /* RaisingPet */ = {
			isa = PBXNativeTarget;
			buildConfigurationList = EC606EE12C57B7060015F103 /* Build configuration list for PBXNativeTarget "RaisingPet" */;
			buildPhases = (
				EC606ECF2C57B7040015F103 /* Sources */,
				EC606ED02C57B7040015F103 /* Frameworks */,
				EC606ED12C57B7040015F103 /* Resources */,
				ECCC7B442CAAB3FD00B16C91 /* Embed Foundation Extensions */,
				EC8D59C52D085B2B0050740C /* Embed Frameworks */,
			);
			buildRules = (
			);
			dependencies = (
				EC9111A22DAC361F007D92B1 /* PBXTargetDependency */,
			);
			fileSystemSynchronizedGroups = (
				EC989DB92CE8DA2900E3FA82 /* Widgets */,
			);
			name = RaisingPet;
			packageProductDependencies = (
				EC606F172C5FB44C0015F103 /* GoogleSignIn */,
				EC606F192C5FB44C0015F103 /* GoogleSignInSwift */,
				EC8D59C02D084DB30050740C /* Alamofire */,
				ECDFC43F2D6D1C6A00FA450D /* Lottie */,
				EC8E5A4C2D7AA5C5001B2335 /* Localize_Swift */,
				EC02EBC42DC921F30019668C /* netfox */,
			);
			productName = RaisingPet;
			productReference = EC606ED32C57B7040015F103 /* RaisingPet.app */;
			productType = "com.apple.product-type.application";
		};
		EC91118E2DAC361E007D92B1 /* PetiverseWidgetExtension */ = {
			isa = PBXNativeTarget;
			buildConfigurationList = EC9111A52DAC361F007D92B1 /* Build configuration list for PBXNativeTarget "PetiverseWidgetExtension" */;
			buildPhases = (
				EC91118B2DAC361E007D92B1 /* Sources */,
				EC91118C2DAC361E007D92B1 /* Frameworks */,
				EC91118D2DAC361E007D92B1 /* Resources */,
			);
			buildRules = (
			);
			dependencies = (
			);
			fileSystemSynchronizedGroups = (
				EC9111932DAC361E007D92B1 /* PetiverseWidget */,
			);
			name = PetiverseWidgetExtension;
			packageProductDependencies = (
			);
			productName = PetiverseWidgetExtension;
			productReference = EC91118F2DAC361E007D92B1 /* PetiverseWidgetExtension.appex */;
			productType = "com.apple.product-type.app-extension";
		};
/* End PBXNativeTarget section */

/* Begin PBXProject section */
		EC606ECB2C57B7040015F103 /* Project object */ = {
			isa = PBXProject;
			attributes = {
				BuildIndependentTargetsInParallel = 1;
				LastSwiftUpdateCheck = 1620;
				LastUpgradeCheck = 1540;
				TargetAttributes = {
					EC606ED22C57B7040015F103 = {
						CreatedOnToolsVersion = 15.4;
					};
					EC91118E2DAC361E007D92B1 = {
						CreatedOnToolsVersion = 16.2;
					};
				};
			};
			buildConfigurationList = EC606ECE2C57B7040015F103 /* Build configuration list for PBXProject "RaisingPet" */;
			compatibilityVersion = "Xcode 14.0";
			developmentRegion = en;
			hasScannedForEncodings = 0;
			knownRegions = (
				en,
				tr,
				Base,
			);
			mainGroup = EC606ECA2C57B7040015F103;
			packageReferences = (
				EC606F162C5FB44B0015F103 /* XCRemoteSwiftPackageReference "GoogleSignIn-iOS" */,
				EC8D59BF2D0843850050740C /* XCRemoteSwiftPackageReference "Alamofire" */,
				ECDFC43E2D6D1C6A00FA450D /* XCRemoteSwiftPackageReference "lottie-spm" */,
				EC8E5A4B2D7AA5C5001B2335 /* XCRemoteSwiftPackageReference "Localize-Swift" */,
				EC02EBC32DC921F30019668C /* XCRemoteSwiftPackageReference "netfox" */,
			);
			productRefGroup = EC606ED42C57B7040015F103 /* Products */;
			projectDirPath = "";
			projectRoot = "";
			targets = (
				EC606ED22C57B7040015F103 /* RaisingPet */,
				EC91118E2DAC361E007D92B1 /* PetiverseWidgetExtension */,
			);
		};
/* End PBXProject section */

/* Begin PBXResourcesBuildPhase section */
		EC606ED12C57B7040015F103 /* Resources */ = {
			isa = PBXResourcesBuildPhase;
			buildActionMask = 2147483647;
			files = (
				EC1CE9742D4D412F0082FD4F /* Nunito-Italic-VariableFont_wght.ttf in Resources */,
				EC8E5A552D7AB2E7001B2335 /* Localizable.strings in Resources */,
				EC1CE9752D4D412F0082FD4F /* Nunito-VariableFont_wght.ttf in Resources */,
				EC8E5A562D7AB2EC001B2335 /* Localizable.strings in Resources */,
				EC606EDE2C57B7060015F103 /* Preview Assets.xcassets in Resources */,
				EC606EDB2C57B7060015F103 /* Assets.xcassets in Resources */,
				ECDFC4492D6D211400FA450D /* LoadingAnimation.json in Resources */,
			);
			runOnlyForDeploymentPostprocessing = 0;
		};
		EC91118D2DAC361E007D92B1 /* Resources */ = {
			isa = PBXResourcesBuildPhase;
			buildActionMask = 2147483647;
			files = (
			);
			runOnlyForDeploymentPostprocessing = 0;
		};
/* End PBXResourcesBuildPhase section */

/* Begin PBXSourcesBuildPhase section */
		EC606ECF2C57B7040015F103 /* Sources */ = {
			isa = PBXSourcesBuildPhase;
			buildActionMask = 2147483647;
			files = (
				ECF3A0752DD656340052990B /* StartQuizResultRequest.swift in Sources */,
				ECBA63B02DBBC54500A3F6C9 /* BuyButtomSheetView.swift in Sources */,
				ECF3A0712DD655E70052990B /* User.swift in Sources */,
				EC1CE9A02D5238150082FD4F /* CoupleQuestionViewModel.swift in Sources */,
				EC606F072C57D1F20015F103 /* SignInUpBackground.swift in Sources */,
				ECF3A0422DD650A70052990B /* ErrorResponseModel.swift in Sources */,
				EC15E63C2DCF985100B885A2 /* ProfileEditViewModel.swift in Sources */,
				ECF3A04A2DD651EF0052990B /* GetMeResponseModel.swift in Sources */,
				EC1CE9702D4D3C400082FD4F /* OnboardingView.swift in Sources */,
				ECF3A0522DD652920052990B /* FriendsResponseModel.swift in Sources */,
				EC8E5A4A2D7AA4E4001B2335 /* Localizable.swift in Sources */,
				ECF3A0582DD652F70052990B /* QuizResponseModel.swift in Sources */,
				EC731E6D2DCBD8FB005A064A /* PetDeleteAlertView.swift in Sources */,
				ECF3A0502DD6527D0052990B /* HatchPetsResponseModel.swift in Sources */,
				ECDFC4452D6D1CC400FA450D /* LoadingAnimationView.swift in Sources */,
				ECB5F56C2D54DBB7001AC419 /* ProfileViewModel.swift in Sources */,
				EC989DB32CE8B14900E3FA82 /* LoginViewModel.swift in Sources */,
				ECF3A0462DD651940052990B /* LoginResponseModel.swift in Sources */,
				ECC2BE562CA0491200790C92 /* ShareSheet.swift in Sources */,
				EC606F222C5FB7F80015F103 /* Utilities.swift in Sources */,
				ECF3A0562DD652C30052990B /* GetAllShopItems.swift in Sources */,
				EC731E672DCBD8C3005A064A /* PetHeaderView.swift in Sources */,
				EC02EBC82DC9507E0019668C /* InventoryViewModel.swift in Sources */,
				EC8AA8FE2C610142000C2478 /* HomeView.swift in Sources */,
				ECAF55B32C75F19B0010B6CF /* EggAndPetsView.swift in Sources */,
				ECF3A04E2DD6524E0052990B /* PetsModel.swift in Sources */,
				EC02CA4C2DD64D2900CB53EE /* HTTPMethod.swift in Sources */,
				EC02CA4D2DD64D2900CB53EE /* ShopRepository.swift in Sources */,
				ECF3A0482DD651C00052990B /* SignUpResponseBody.swift in Sources */,
				EC02CA4E2DD64D2900CB53EE /* RepositoryProvider.swift in Sources */,
				EC02CA4F2DD64D2900CB53EE /* ServiceLocator.swift in Sources */,
				ECF3A0692DD653BB0052990B /* TakeQuizRequestModel.swift in Sources */,
				EC02CA502DD64D2900CB53EE /* NetworkManager.swift in Sources */,
				ECF3A05A2DD6533B0052990B /* LoginRequestModel.swift in Sources */,
				EC02CA512DD64D2900CB53EE /* BaseRepository.swift in Sources */,
				EC02CA522DD64D2900CB53EE /* QuizRepository.swift in Sources */,
				EC02CA532DD64D2900CB53EE /* InventoryRepository.swift in Sources */,
				EC02CA542DD64D2900CB53EE /* PetRepository.swift in Sources */,
				EC02CA552DD64D2900CB53EE /* Endpoint.swift in Sources */,
				EC02CA562DD64D2900CB53EE /* AuthRepository.swift in Sources */,
				EC02CA572DD64D2900CB53EE /* NetworkError.swift in Sources */,
				EC02CA582DD64D2900CB53EE /* FriendsRepository.swift in Sources */,
				EC606F0F2C57E1040015F103 /* LoginView.swift in Sources */,
				ECB5F5702D54EA9C001AC419 /* QuestionView.swift in Sources */,
				EC561BFF2C8B4CB500D90B4A /* ProfileEditView.swift in Sources */,
				EC606F152C58F61F0015F103 /* RootView.swift in Sources */,
				EC91118A2DAAD5D9007D92B1 /* ShopScreenViewModel.swift in Sources */,
				EC731E692DCBD8D4005A064A /* PetTabBarView.swift in Sources */,
				ECF3A0542DD652B20052990B /* GetInventoryResponseModel.swift in Sources */,
				EC17F7062DC166A700956696 /* BuyPackageCounterPopUpView.swift in Sources */,
				EC606F0B2C57D2DE0015F103 /* SignUpView.swift in Sources */,
				EC08F0D52C9C641000F6574D /* PasswordTextField.swift in Sources */,
				EC606ED92C57B7040015F103 /* SplashView.swift in Sources */,
				EC8AA8FC2C60FB96000C2478 /* SettingsButtonComp.swift in Sources */,
				ECF3EACD2D6384ED00EEFBB2 /* PaywallView.swift in Sources */,
				EC6760892DD739C50041C839 /* QuizDetailResponseModel.swift in Sources */,
				ECCDFAF92DC956E20044DAC2 /* CurrentUserViewModel.swift in Sources */,
				ECC4FCD12C6CB61900E78F7F /* ProfileView.swift in Sources */,
				ECC2BE542CA0486C00790C92 /* CanvasView.swift in Sources */,
				EC8AA9022C610205000C2478 /* CoupleQuestionView.swift in Sources */,
				ECF37DFD2DD24FA800552613 /* ValidationUtility.swift in Sources */,
				EC98CD742D0B404600801BD1 /* MyWidgetsView.swift in Sources */,
				EC8D59D22D089C8E0050740C /* FriendsViewModel.swift in Sources */,
				EC561BFD2C8B41AC00D90B4A /* PremiumView.swift in Sources */,
				EC606F0D2C57D46D0015F103 /* MailTextField.swift in Sources */,
				EC67608E2DD73AA60041C839 /* QuizResultResponseModel.swift in Sources */,
				EC67608F2DD73AA60041C839 /* UserQuizzesResponseModel.swift in Sources */,
				EC8E5A472D7A6C59001B2335 /* PreviewDesignComponent.swift in Sources */,
				EC989DB52CE8B19000E3FA82 /* SignUpViewModel.swift in Sources */,
				ECF3EAC12D63734100EEFBB2 /* QuizResultView.swift in Sources */,
				EC67609E2DD781A10041C839 /* UserRepository.swift in Sources */,
				EC071D142C7C7C0C00D269A6 /* EmotionsView.swift in Sources */,
				EC7A55D22DCD62BE006619EB /* SearchFriendView.swift in Sources */,
				EC731E6B2DCBD8E9005A064A /* PetItemGridView.swift in Sources */,
				EC1108322C622C3700E91D93 /* ShopScreenView.swift in Sources */,
				EC561BFB2C88A31900D90B4A /* PetCareView.swift in Sources */,
				ECF3A05C2DD653450052990B /* SignUpRequestModel.swift in Sources */,
				EC731E652DCBD463005A064A /* PetItemView.swift in Sources */,
				EC1108342C622F1300E91D93 /* FriendsView.swift in Sources */,
				EC8D59C72D0876300050740C /* AppState.swift in Sources */,
				ECF3A0732DD656130052990B /* QuizResultForQuizRequest.swift in Sources */,
				EC1B96602C9EFC83001C5773 /* QuestionComponent.swift in Sources */,
				EC606ED72C57B7040015F103 /* RaisingPetApp.swift in Sources */,
				EC1B965E2C9EF6E7001C5773 /* NoteView.swift in Sources */,
				ECF37DC52DD11A2400552613 /* WallpaperView.swift in Sources */,
				EC731E632DCBCFB2005A064A /* PetCellView.swift in Sources */,
				ECB5F5992D5637A4001AC419 /* Font+Extensions.swift in Sources */,
				EC95E5AE2D8B4B660011EA7A /* UserDefaults+Extensions.swift in Sources */,
				ECF3A04C2DD6520B0052990B /* GetPetsResponseModel.swift in Sources */,
				EC731E5D2DCB87C0005A064A /* EggCellView.swift in Sources */,
				ECCDFAF62DC954EB0044DAC2 /* Utilities + RequestFunc .swift in Sources */,
				EC606F022C57D1320015F103 /* button.swift in Sources */,
			);
			runOnlyForDeploymentPostprocessing = 0;
		};
		EC91118B2DAC361E007D92B1 /* Sources */ = {
			isa = PBXSourcesBuildPhase;
			buildActionMask = 2147483647;
			files = (
			);
			runOnlyForDeploymentPostprocessing = 0;
		};
/* End PBXSourcesBuildPhase section */

/* Begin PBXTargetDependency section */
		EC9111A22DAC361F007D92B1 /* PBXTargetDependency */ = {
			isa = PBXTargetDependency;
			target = EC91118E2DAC361E007D92B1 /* PetiverseWidgetExtension */;
			targetProxy = EC9111A12DAC361F007D92B1 /* PBXContainerItemProxy */;
		};
/* End PBXTargetDependency section */

/* Begin PBXVariantGroup section */
		EC8E5A512D7AA8EA001B2335 /* Localizable.strings */ = {
			isa = PBXVariantGroup;
			children = (
				EC8E5A522D7AA8EA001B2335 /* tr */,
			);
			name = Localizable.strings;
			sourceTree = "<group>";
		};
		EC8E5A532D7AA94A001B2335 /* Localizable.strings */ = {
			isa = PBXVariantGroup;
			children = (
				EC8E5A542D7AA94A001B2335 /* en */,
			);
			name = Localizable.strings;
			sourceTree = "<group>";
		};
/* End PBXVariantGroup section */

/* Begin XCBuildConfiguration section */
		EC606EDF2C57B7060015F103 /* Debug */ = {
			isa = XCBuildConfiguration;
			buildSettings = {
				ALWAYS_SEARCH_USER_PATHS = NO;
				ASSETCATALOG_COMPILER_GENERATE_SWIFT_ASSET_SYMBOL_EXTENSIONS = YES;
				CLANG_ANALYZER_NONNULL = YES;
				CLANG_ANALYZER_NUMBER_OBJECT_CONVERSION = YES_AGGRESSIVE;
				CLANG_CXX_LANGUAGE_STANDARD = "gnu++20";
				CLANG_ENABLE_MODULES = YES;
				CLANG_ENABLE_OBJC_ARC = YES;
				CLANG_ENABLE_OBJC_WEAK = YES;
				CLANG_WARN_BLOCK_CAPTURE_AUTORELEASING = YES;
				CLANG_WARN_BOOL_CONVERSION = YES;
				CLANG_WARN_COMMA = YES;
				CLANG_WARN_CONSTANT_CONVERSION = YES;
				CLANG_WARN_DEPRECATED_OBJC_IMPLEMENTATIONS = YES;
				CLANG_WARN_DIRECT_OBJC_ISA_USAGE = YES_ERROR;
				CLANG_WARN_DOCUMENTATION_COMMENTS = YES;
				CLANG_WARN_EMPTY_BODY = YES;
				CLANG_WARN_ENUM_CONVERSION = YES;
				CLANG_WARN_INFINITE_RECURSION = YES;
				CLANG_WARN_INT_CONVERSION = YES;
				CLANG_WARN_NON_LITERAL_NULL_CONVERSION = YES;
				CLANG_WARN_OBJC_IMPLICIT_RETAIN_SELF = YES;
				CLANG_WARN_OBJC_LITERAL_CONVERSION = YES;
				CLANG_WARN_OBJC_ROOT_CLASS = YES_ERROR;
				CLANG_WARN_QUOTED_INCLUDE_IN_FRAMEWORK_HEADER = YES;
				CLANG_WARN_RANGE_LOOP_ANALYSIS = YES;
				CLANG_WARN_STRICT_PROTOTYPES = YES;
				CLANG_WARN_SUSPICIOUS_MOVE = YES;
				CLANG_WARN_UNGUARDED_AVAILABILITY = YES_AGGRESSIVE;
				CLANG_WARN_UNREACHABLE_CODE = YES;
				CLANG_WARN__DUPLICATE_METHOD_MATCH = YES;
				COPY_PHASE_STRIP = NO;
				DEBUG_INFORMATION_FORMAT = dwarf;
				ENABLE_STRICT_OBJC_MSGSEND = YES;
				ENABLE_TESTABILITY = YES;
				ENABLE_USER_SCRIPT_SANDBOXING = YES;
				GCC_C_LANGUAGE_STANDARD = gnu17;
				GCC_DYNAMIC_NO_PIC = NO;
				GCC_NO_COMMON_BLOCKS = YES;
				GCC_OPTIMIZATION_LEVEL = 0;
				GCC_PREPROCESSOR_DEFINITIONS = (
					"DEBUG=1",
					"$(inherited)",
				);
				GCC_WARN_64_TO_32_BIT_CONVERSION = YES;
				GCC_WARN_ABOUT_RETURN_TYPE = YES_ERROR;
				GCC_WARN_UNDECLARED_SELECTOR = YES;
				GCC_WARN_UNINITIALIZED_AUTOS = YES_AGGRESSIVE;
				GCC_WARN_UNUSED_FUNCTION = YES;
				GCC_WARN_UNUSED_VARIABLE = YES;
				IPHONEOS_DEPLOYMENT_TARGET = 17.5;
				LOCALIZATION_PREFERS_STRING_CATALOGS = YES;
				MTL_ENABLE_DEBUG_INFO = INCLUDE_SOURCE;
				MTL_FAST_MATH = YES;
				ONLY_ACTIVE_ARCH = YES;
				SDKROOT = iphoneos;
				SWIFT_ACTIVE_COMPILATION_CONDITIONS = "DEBUG $(inherited)";
				SWIFT_OPTIMIZATION_LEVEL = "-Onone";
			};
			name = Debug;
		};
		EC606EE02C57B7060015F103 /* Release */ = {
			isa = XCBuildConfiguration;
			buildSettings = {
				ALWAYS_SEARCH_USER_PATHS = NO;
				ASSETCATALOG_COMPILER_GENERATE_SWIFT_ASSET_SYMBOL_EXTENSIONS = YES;
				CLANG_ANALYZER_NONNULL = YES;
				CLANG_ANALYZER_NUMBER_OBJECT_CONVERSION = YES_AGGRESSIVE;
				CLANG_CXX_LANGUAGE_STANDARD = "gnu++20";
				CLANG_ENABLE_MODULES = YES;
				CLANG_ENABLE_OBJC_ARC = YES;
				CLANG_ENABLE_OBJC_WEAK = YES;
				CLANG_WARN_BLOCK_CAPTURE_AUTORELEASING = YES;
				CLANG_WARN_BOOL_CONVERSION = YES;
				CLANG_WARN_COMMA = YES;
				CLANG_WARN_CONSTANT_CONVERSION = YES;
				CLANG_WARN_DEPRECATED_OBJC_IMPLEMENTATIONS = YES;
				CLANG_WARN_DIRECT_OBJC_ISA_USAGE = YES_ERROR;
				CLANG_WARN_DOCUMENTATION_COMMENTS = YES;
				CLANG_WARN_EMPTY_BODY = YES;
				CLANG_WARN_ENUM_CONVERSION = YES;
				CLANG_WARN_INFINITE_RECURSION = YES;
				CLANG_WARN_INT_CONVERSION = YES;
				CLANG_WARN_NON_LITERAL_NULL_CONVERSION = YES;
				CLANG_WARN_OBJC_IMPLICIT_RETAIN_SELF = YES;
				CLANG_WARN_OBJC_LITERAL_CONVERSION = YES;
				CLANG_WARN_OBJC_ROOT_CLASS = YES_ERROR;
				CLANG_WARN_QUOTED_INCLUDE_IN_FRAMEWORK_HEADER = YES;
				CLANG_WARN_RANGE_LOOP_ANALYSIS = YES;
				CLANG_WARN_STRICT_PROTOTYPES = YES;
				CLANG_WARN_SUSPICIOUS_MOVE = YES;
				CLANG_WARN_UNGUARDED_AVAILABILITY = YES_AGGRESSIVE;
				CLANG_WARN_UNREACHABLE_CODE = YES;
				CLANG_WARN__DUPLICATE_METHOD_MATCH = YES;
				COPY_PHASE_STRIP = NO;
				DEBUG_INFORMATION_FORMAT = "dwarf-with-dsym";
				ENABLE_NS_ASSERTIONS = NO;
				ENABLE_STRICT_OBJC_MSGSEND = YES;
				ENABLE_USER_SCRIPT_SANDBOXING = YES;
				GCC_C_LANGUAGE_STANDARD = gnu17;
				GCC_NO_COMMON_BLOCKS = YES;
				GCC_WARN_64_TO_32_BIT_CONVERSION = YES;
				GCC_WARN_ABOUT_RETURN_TYPE = YES_ERROR;
				GCC_WARN_UNDECLARED_SELECTOR = YES;
				GCC_WARN_UNINITIALIZED_AUTOS = YES_AGGRESSIVE;
				GCC_WARN_UNUSED_FUNCTION = YES;
				GCC_WARN_UNUSED_VARIABLE = YES;
				IPHONEOS_DEPLOYMENT_TARGET = 17.5;
				LOCALIZATION_PREFERS_STRING_CATALOGS = YES;
				MTL_ENABLE_DEBUG_INFO = NO;
				MTL_FAST_MATH = YES;
				SDKROOT = iphoneos;
				SWIFT_COMPILATION_MODE = wholemodule;
				VALIDATE_PRODUCT = YES;
			};
			name = Release;
		};
		EC606EE22C57B7060015F103 /* Debug */ = {
			isa = XCBuildConfiguration;
			buildSettings = {
				ALWAYS_EMBED_SWIFT_STANDARD_LIBRARIES = YES;
				ASSETCATALOG_COMPILER_APPICON_NAME = AppIcon;
				ASSETCATALOG_COMPILER_GLOBAL_ACCENT_COLOR_NAME = AccentColor;
				CODE_SIGN_ENTITLEMENTS = RaisingPet/RaisingPet.entitlements;
				CODE_SIGN_STYLE = Automatic;
				CURRENT_PROJECT_VERSION = 5;
				DEVELOPMENT_ASSET_PATHS = "\"RaisingPet/Preview Content\"";
				DEVELOPMENT_TEAM = S7VDAK3AXN;
				ENABLE_PREVIEWS = YES;
				GENERATE_INFOPLIST_FILE = YES;
				INFOPLIST_FILE = RaisingPet/Info.plist;
				INFOPLIST_KEY_NSPhotoLibraryAddUsageDescription = "May I access your gallery ? ";
				INFOPLIST_KEY_UIApplicationSceneManifest_Generation = YES;
				INFOPLIST_KEY_UIApplicationSupportsIndirectInputEvents = YES;
				INFOPLIST_KEY_UILaunchScreen_Generation = YES;
				INFOPLIST_KEY_UISupportedInterfaceOrientations_iPad = "UIInterfaceOrientationPortrait UIInterfaceOrientationPortraitUpsideDown UIInterfaceOrientationLandscapeLeft UIInterfaceOrientationLandscapeRight";
				INFOPLIST_KEY_UISupportedInterfaceOrientations_iPhone = "UIInterfaceOrientationPortrait UIInterfaceOrientationLandscapeLeft UIInterfaceOrientationLandscapeRight";
				IPHONEOS_DEPLOYMENT_TARGET = 17.0;
				LD_RUNPATH_SEARCH_PATHS = (
					"$(inherited)",
					"@executable_path/Frameworks",
				);
				MARKETING_VERSION = 1.0;
				PRODUCT_BUNDLE_IDENTIFIER = com.enestalhaucar.RaisingPet;
				PRODUCT_NAME = "$(TARGET_NAME)";
				SWIFT_EMIT_LOC_STRINGS = YES;
				SWIFT_VERSION = 5.0;
				TARGETED_DEVICE_FAMILY = "1,2";
			};
			name = Debug;
		};
		EC606EE32C57B7060015F103 /* Release */ = {
			isa = XCBuildConfiguration;
			buildSettings = {
				ALWAYS_EMBED_SWIFT_STANDARD_LIBRARIES = YES;
				ASSETCATALOG_COMPILER_APPICON_NAME = AppIcon;
				ASSETCATALOG_COMPILER_GLOBAL_ACCENT_COLOR_NAME = AccentColor;
				CODE_SIGN_ENTITLEMENTS = RaisingPet/RaisingPet.entitlements;
				CODE_SIGN_STYLE = Automatic;
				CURRENT_PROJECT_VERSION = 5;
				DEVELOPMENT_ASSET_PATHS = "\"RaisingPet/Preview Content\"";
				DEVELOPMENT_TEAM = S7VDAK3AXN;
				ENABLE_PREVIEWS = YES;
				GENERATE_INFOPLIST_FILE = YES;
				INFOPLIST_FILE = RaisingPet/Info.plist;
				INFOPLIST_KEY_NSPhotoLibraryAddUsageDescription = "May I access your gallery ? ";
				INFOPLIST_KEY_UIApplicationSceneManifest_Generation = YES;
				INFOPLIST_KEY_UIApplicationSupportsIndirectInputEvents = YES;
				INFOPLIST_KEY_UILaunchScreen_Generation = YES;
				INFOPLIST_KEY_UISupportedInterfaceOrientations_iPad = "UIInterfaceOrientationPortrait UIInterfaceOrientationPortraitUpsideDown UIInterfaceOrientationLandscapeLeft UIInterfaceOrientationLandscapeRight";
				INFOPLIST_KEY_UISupportedInterfaceOrientations_iPhone = "UIInterfaceOrientationPortrait UIInterfaceOrientationLandscapeLeft UIInterfaceOrientationLandscapeRight";
				IPHONEOS_DEPLOYMENT_TARGET = 17.0;
				LD_RUNPATH_SEARCH_PATHS = (
					"$(inherited)",
					"@executable_path/Frameworks",
				);
				MARKETING_VERSION = 1.0;
				PRODUCT_BUNDLE_IDENTIFIER = com.enestalhaucar.RaisingPet;
				PRODUCT_NAME = "$(TARGET_NAME)";
				SWIFT_EMIT_LOC_STRINGS = YES;
				SWIFT_VERSION = 5.0;
				TARGETED_DEVICE_FAMILY = "1,2";
			};
			name = Release;
		};
		EC9111A62DAC361F007D92B1 /* Debug */ = {
			isa = XCBuildConfiguration;
			buildSettings = {
				ASSETCATALOG_COMPILER_GLOBAL_ACCENT_COLOR_NAME = AccentColor;
				ASSETCATALOG_COMPILER_WIDGET_BACKGROUND_COLOR_NAME = WidgetBackground;
				CODE_SIGN_STYLE = Automatic;
				CURRENT_PROJECT_VERSION = 1;
				DEVELOPMENT_TEAM = S7VDAK3AXN;
				GENERATE_INFOPLIST_FILE = YES;
				INFOPLIST_FILE = PetiverseWidget/Info.plist;
				INFOPLIST_KEY_CFBundleDisplayName = PetiverseWidget;
				INFOPLIST_KEY_NSHumanReadableCopyright = "";
				IPHONEOS_DEPLOYMENT_TARGET = 18.2;
				LD_RUNPATH_SEARCH_PATHS = (
					"$(inherited)",
					"@executable_path/Frameworks",
					"@executable_path/../../Frameworks",
				);
				MARKETING_VERSION = 1.0;
				PRODUCT_BUNDLE_IDENTIFIER = com.enestalhaucar.RaisingPet.PetiverseWidget;
				PRODUCT_NAME = "$(TARGET_NAME)";
				SKIP_INSTALL = YES;
				SWIFT_EMIT_LOC_STRINGS = YES;
				SWIFT_VERSION = 5.0;
				TARGETED_DEVICE_FAMILY = "1,2";
			};
			name = Debug;
		};
		EC9111A72DAC361F007D92B1 /* Release */ = {
			isa = XCBuildConfiguration;
			buildSettings = {
				ASSETCATALOG_COMPILER_GLOBAL_ACCENT_COLOR_NAME = AccentColor;
				ASSETCATALOG_COMPILER_WIDGET_BACKGROUND_COLOR_NAME = WidgetBackground;
				CODE_SIGN_STYLE = Automatic;
				CURRENT_PROJECT_VERSION = 1;
				DEVELOPMENT_TEAM = S7VDAK3AXN;
				GENERATE_INFOPLIST_FILE = YES;
				INFOPLIST_FILE = PetiverseWidget/Info.plist;
				INFOPLIST_KEY_CFBundleDisplayName = PetiverseWidget;
				INFOPLIST_KEY_NSHumanReadableCopyright = "";
				IPHONEOS_DEPLOYMENT_TARGET = 18.2;
				LD_RUNPATH_SEARCH_PATHS = (
					"$(inherited)",
					"@executable_path/Frameworks",
					"@executable_path/../../Frameworks",
				);
				MARKETING_VERSION = 1.0;
				PRODUCT_BUNDLE_IDENTIFIER = com.enestalhaucar.RaisingPet.PetiverseWidget;
				PRODUCT_NAME = "$(TARGET_NAME)";
				SKIP_INSTALL = YES;
				SWIFT_EMIT_LOC_STRINGS = YES;
				SWIFT_VERSION = 5.0;
				TARGETED_DEVICE_FAMILY = "1,2";
			};
			name = Release;
		};
/* End XCBuildConfiguration section */

/* Begin XCConfigurationList section */
		EC606ECE2C57B7040015F103 /* Build configuration list for PBXProject "RaisingPet" */ = {
			isa = XCConfigurationList;
			buildConfigurations = (
				EC606EDF2C57B7060015F103 /* Debug */,
				EC606EE02C57B7060015F103 /* Release */,
			);
			defaultConfigurationIsVisible = 0;
			defaultConfigurationName = Release;
		};
		EC606EE12C57B7060015F103 /* Build configuration list for PBXNativeTarget "RaisingPet" */ = {
			isa = XCConfigurationList;
			buildConfigurations = (
				EC606EE22C57B7060015F103 /* Debug */,
				EC606EE32C57B7060015F103 /* Release */,
			);
			defaultConfigurationIsVisible = 0;
			defaultConfigurationName = Release;
		};
		EC9111A52DAC361F007D92B1 /* Build configuration list for PBXNativeTarget "PetiverseWidgetExtension" */ = {
			isa = XCConfigurationList;
			buildConfigurations = (
				EC9111A62DAC361F007D92B1 /* Debug */,
				EC9111A72DAC361F007D92B1 /* Release */,
			);
			defaultConfigurationIsVisible = 0;
			defaultConfigurationName = Release;
		};
/* End XCConfigurationList section */

/* Begin XCRemoteSwiftPackageReference section */
		EC02EBC32DC921F30019668C /* XCRemoteSwiftPackageReference "netfox" */ = {
			isa = XCRemoteSwiftPackageReference;
			repositoryURL = "https://github.com/kasketis/netfox.git";
			requirement = {
				kind = upToNextMajorVersion;
				minimumVersion = 1.21.0;
			};
		};
		EC606F162C5FB44B0015F103 /* XCRemoteSwiftPackageReference "GoogleSignIn-iOS" */ = {
			isa = XCRemoteSwiftPackageReference;
			repositoryURL = "https://github.com/google/GoogleSignIn-iOS.git";
			requirement = {
				kind = upToNextMajorVersion;
				minimumVersion = 7.1.0;
			};
		};
		EC8D59BF2D0843850050740C /* XCRemoteSwiftPackageReference "Alamofire" */ = {
			isa = XCRemoteSwiftPackageReference;
			repositoryURL = "https://github.com/Alamofire/Alamofire.git";
			requirement = {
				kind = upToNextMajorVersion;
				minimumVersion = 5.10.2;
			};
		};
		EC8E5A4B2D7AA5C5001B2335 /* XCRemoteSwiftPackageReference "Localize-Swift" */ = {
			isa = XCRemoteSwiftPackageReference;
			repositoryURL = "https://github.com/marmelroy/Localize-Swift.git";
			requirement = {
				kind = upToNextMajorVersion;
				minimumVersion = 3.2.0;
			};
		};
		ECDFC43E2D6D1C6A00FA450D /* XCRemoteSwiftPackageReference "lottie-spm" */ = {
			isa = XCRemoteSwiftPackageReference;
			repositoryURL = "https://github.com/airbnb/lottie-spm.git";
			requirement = {
				kind = upToNextMajorVersion;
				minimumVersion = 4.5.1;
			};
		};
/* End XCRemoteSwiftPackageReference section */

/* Begin XCSwiftPackageProductDependency section */
		EC02EBC42DC921F30019668C /* netfox */ = {
			isa = XCSwiftPackageProductDependency;
			package = EC02EBC32DC921F30019668C /* XCRemoteSwiftPackageReference "netfox" */;
			productName = netfox;
		};
		EC606F172C5FB44C0015F103 /* GoogleSignIn */ = {
			isa = XCSwiftPackageProductDependency;
			package = EC606F162C5FB44B0015F103 /* XCRemoteSwiftPackageReference "GoogleSignIn-iOS" */;
			productName = GoogleSignIn;
		};
		EC606F192C5FB44C0015F103 /* GoogleSignInSwift */ = {
			isa = XCSwiftPackageProductDependency;
			package = EC606F162C5FB44B0015F103 /* XCRemoteSwiftPackageReference "GoogleSignIn-iOS" */;
			productName = GoogleSignInSwift;
		};
		EC8D59C02D084DB30050740C /* Alamofire */ = {
			isa = XCSwiftPackageProductDependency;
			package = EC8D59BF2D0843850050740C /* XCRemoteSwiftPackageReference "Alamofire" */;
			productName = Alamofire;
		};
		EC8E5A4C2D7AA5C5001B2335 /* Localize_Swift */ = {
			isa = XCSwiftPackageProductDependency;
			package = EC8E5A4B2D7AA5C5001B2335 /* XCRemoteSwiftPackageReference "Localize-Swift" */;
			productName = Localize_Swift;
		};
		ECDFC43F2D6D1C6A00FA450D /* Lottie */ = {
			isa = XCSwiftPackageProductDependency;
			package = ECDFC43E2D6D1C6A00FA450D /* XCRemoteSwiftPackageReference "lottie-spm" */;
			productName = Lottie;
		};
/* End XCSwiftPackageProductDependency section */
	};
	rootObject = EC606ECB2C57B7040015F103 /* Project object */;
}
