// !$*UTF8*$!
{
	archiveVersion = 1;
	classes = {
	};
	objectVersion = 70;
	objects = {

/* Begin PBXBuildFile section */
		EC071D142C7C7C0C00D269A6 /* EmotionsView.swift in Sources */ = {isa = PBXBuildFile; fileRef = EC071D132C7C7C0C00D269A6 /* EmotionsView.swift */; };
		EC08F0D52C9C641000F6574D /* PasswordTextField.swift in Sources */ = {isa = PBXBuildFile; fileRef = EC08F0D42C9C641000F6574D /* PasswordTextField.swift */; };
		EC1108322C622C3700E91D93 /* ShopScreenView.swift in Sources */ = {isa = PBXBuildFile; fileRef = EC1108312C622C3700E91D93 /* ShopScreenView.swift */; };
		EC1108342C622F1300E91D93 /* FriendsView.swift in Sources */ = {isa = PBXBuildFile; fileRef = EC1108332C622F1200E91D93 /* FriendsView.swift */; };
		EC1B965E2C9EF6E7001C5773 /* NoteView.swift in Sources */ = {isa = PBXBuildFile; fileRef = EC1B965D2C9EF6E7001C5773 /* NoteView.swift */; };
		EC1B96602C9EFC83001C5773 /* QuestionComponent.swift in Sources */ = {isa = PBXBuildFile; fileRef = EC1B965F2C9EFC83001C5773 /* QuestionComponent.swift */; };
		EC1CE9702D4D3C400082FD4F /* OnboardingView.swift in Sources */ = {isa = PBXBuildFile; fileRef = EC1CE96F2D4D3C400082FD4F /* OnboardingView.swift */; };
		EC1CE9742D4D412F0082FD4F /* Nunito-Italic-VariableFont_wght.ttf in Resources */ = {isa = PBXBuildFile; fileRef = EC1CE9722D4D412F0082FD4F /* Nunito-Italic-VariableFont_wght.ttf */; };
		EC1CE9752D4D412F0082FD4F /* Nunito-VariableFont_wght.ttf in Resources */ = {isa = PBXBuildFile; fileRef = EC1CE9732D4D412F0082FD4F /* Nunito-VariableFont_wght.ttf */; };
		EC1CE99D2D5235720082FD4F /* GetAllQuizesResponse.swift in Sources */ = {isa = PBXBuildFile; fileRef = EC1CE99C2D5235720082FD4F /* GetAllQuizesResponse.swift */; };
		EC1CE9A02D5238150082FD4F /* CoupleQuestionViewModel.swift in Sources */ = {isa = PBXBuildFile; fileRef = EC1CE99F2D5238150082FD4F /* CoupleQuestionViewModel.swift */; };
		EC2B97C22CB69BF500CE15CD /* CountDownWidget.swift in Sources */ = {isa = PBXBuildFile; fileRef = EC2B97C12CB69BF500CE15CD /* CountDownWidget.swift */; };
		EC2B97C32CB69C9900CE15CD /* CountDownWidget.swift in Sources */ = {isa = PBXBuildFile; fileRef = EC2B97C12CB69BF500CE15CD /* CountDownWidget.swift */; };
		EC2B97C52CB6A63900CE15CD /* CountDownView.swift in Sources */ = {isa = PBXBuildFile; fileRef = EC2B97C42CB6A63900CE15CD /* CountDownView.swift */; };
		EC2B97C62CB6A6B200CE15CD /* CountDownView.swift in Sources */ = {isa = PBXBuildFile; fileRef = EC2B97C42CB6A63900CE15CD /* CountDownView.swift */; };
		EC561BFB2C88A31900D90B4A /* PetCareView.swift in Sources */ = {isa = PBXBuildFile; fileRef = EC561BFA2C88A31900D90B4A /* PetCareView.swift */; };
		EC561BFD2C8B41AC00D90B4A /* PremiumView.swift in Sources */ = {isa = PBXBuildFile; fileRef = EC561BFC2C8B41AC00D90B4A /* PremiumView.swift */; };
		EC561BFF2C8B4CB500D90B4A /* ProfileEditView.swift in Sources */ = {isa = PBXBuildFile; fileRef = EC561BFE2C8B4CB500D90B4A /* ProfileEditView.swift */; };
		EC606ED72C57B7040015F103 /* RaisingPetApp.swift in Sources */ = {isa = PBXBuildFile; fileRef = EC606ED62C57B7040015F103 /* RaisingPetApp.swift */; };
		EC606ED92C57B7040015F103 /* SplashView.swift in Sources */ = {isa = PBXBuildFile; fileRef = EC606ED82C57B7040015F103 /* SplashView.swift */; };
		EC606EDB2C57B7060015F103 /* Assets.xcassets in Resources */ = {isa = PBXBuildFile; fileRef = EC606EDA2C57B7060015F103 /* Assets.xcassets */; };
		EC606EDE2C57B7060015F103 /* Preview Assets.xcassets in Resources */ = {isa = PBXBuildFile; fileRef = EC606EDD2C57B7060015F103 /* Preview Assets.xcassets */; };
		EC606F022C57D1320015F103 /* button.swift in Sources */ = {isa = PBXBuildFile; fileRef = EC606F012C57D1320015F103 /* button.swift */; };
		EC606F072C57D1F20015F103 /* SignInUpBackground.swift in Sources */ = {isa = PBXBuildFile; fileRef = EC606F062C57D1F20015F103 /* SignInUpBackground.swift */; };
		EC606F0B2C57D2DE0015F103 /* SignUpView.swift in Sources */ = {isa = PBXBuildFile; fileRef = EC606F0A2C57D2DE0015F103 /* SignUpView.swift */; };
		EC606F0D2C57D46D0015F103 /* MailTextField.swift in Sources */ = {isa = PBXBuildFile; fileRef = EC606F0C2C57D46D0015F103 /* MailTextField.swift */; };
		EC606F0F2C57E1040015F103 /* LoginView.swift in Sources */ = {isa = PBXBuildFile; fileRef = EC606F0E2C57E1040015F103 /* LoginView.swift */; };
		EC606F152C58F61F0015F103 /* RootView.swift in Sources */ = {isa = PBXBuildFile; fileRef = EC606F142C58F61F0015F103 /* RootView.swift */; };
		EC606F182C5FB44C0015F103 /* GoogleSignIn in Frameworks */ = {isa = PBXBuildFile; productRef = EC606F172C5FB44C0015F103 /* GoogleSignIn */; };
		EC606F1A2C5FB44C0015F103 /* GoogleSignInSwift in Frameworks */ = {isa = PBXBuildFile; productRef = EC606F192C5FB44C0015F103 /* GoogleSignInSwift */; };
		EC606F222C5FB7F80015F103 /* Utilities.swift in Sources */ = {isa = PBXBuildFile; fileRef = EC606F212C5FB7F80015F103 /* Utilities.swift */; };
		EC8AA8FC2C60FB96000C2478 /* SettingsButtonComp.swift in Sources */ = {isa = PBXBuildFile; fileRef = EC8AA8FB2C60FB96000C2478 /* SettingsButtonComp.swift */; };
		EC8AA8FE2C610142000C2478 /* HomeView.swift in Sources */ = {isa = PBXBuildFile; fileRef = EC8AA8FD2C610142000C2478 /* HomeView.swift */; };
		EC8AA9022C610205000C2478 /* CoupleQuestionView.swift in Sources */ = {isa = PBXBuildFile; fileRef = EC8AA9012C610205000C2478 /* CoupleQuestionView.swift */; };
		EC8D59C12D084DB30050740C /* Alamofire in Frameworks */ = {isa = PBXBuildFile; productRef = EC8D59C02D084DB30050740C /* Alamofire */; };
		EC8D59C72D0876300050740C /* AppState.swift in Sources */ = {isa = PBXBuildFile; fileRef = EC8D59C62D0876300050740C /* AppState.swift */; };
		EC8D59C92D089B9F0050740C /* LoginResponseModel.swift in Sources */ = {isa = PBXBuildFile; fileRef = EC8D59C82D089B9F0050740C /* LoginResponseModel.swift */; };
		EC8D59CB2D089BAE0050740C /* SignupRequestModel.swift in Sources */ = {isa = PBXBuildFile; fileRef = EC8D59CA2D089BAE0050740C /* SignupRequestModel.swift */; };
		EC8D59CD2D089BC80050740C /* FriendsResponseModel.swift in Sources */ = {isa = PBXBuildFile; fileRef = EC8D59CC2D089BC80050740C /* FriendsResponseModel.swift */; };
		EC8D59CF2D089C0C0050740C /* ErrorResponseModel.swift in Sources */ = {isa = PBXBuildFile; fileRef = EC8D59CE2D089C0C0050740C /* ErrorResponseModel.swift */; };
		EC8D59D22D089C8E0050740C /* FriendsViewModel.swift in Sources */ = {isa = PBXBuildFile; fileRef = EC8D59D12D089C8A0050740C /* FriendsViewModel.swift */; };
		EC989DB32CE8B14900E3FA82 /* LoginViewModel.swift in Sources */ = {isa = PBXBuildFile; fileRef = EC989DB22CE8B14900E3FA82 /* LoginViewModel.swift */; };
		EC989DB52CE8B19000E3FA82 /* SignUpViewModel.swift in Sources */ = {isa = PBXBuildFile; fileRef = EC989DB42CE8B19000E3FA82 /* SignUpViewModel.swift */; };
		EC98CD742D0B404600801BD1 /* MyWidgetsView.swift in Sources */ = {isa = PBXBuildFile; fileRef = EC98CD732D0B404500801BD1 /* MyWidgetsView.swift */; };
		ECA066FF2D11756700540FDE /* QuizQuestionView.swift in Sources */ = {isa = PBXBuildFile; fileRef = ECA066FE2D11756700540FDE /* QuizQuestionView.swift */; };
		ECAF55B32C75F19B0010B6CF /* PetView.swift in Sources */ = {isa = PBXBuildFile; fileRef = ECAF55B22C75F19A0010B6CF /* PetView.swift */; };
		ECB5F56C2D54DBB7001AC419 /* ProfileViewModel.swift in Sources */ = {isa = PBXBuildFile; fileRef = ECB5F56B2D54DBB2001AC419 /* ProfileViewModel.swift */; };
		ECC1D0932D440C85008D2C92 /* SignUpResponseBody.swift in Sources */ = {isa = PBXBuildFile; fileRef = ECC1D0922D440C85008D2C92 /* SignUpResponseBody.swift */; };
		ECC1D0952D440C95008D2C92 /* LoginRequestBody.swift in Sources */ = {isa = PBXBuildFile; fileRef = ECC1D0942D440C95008D2C92 /* LoginRequestBody.swift */; };
		ECC2BE542CA0486C00790C92 /* CanvasView.swift in Sources */ = {isa = PBXBuildFile; fileRef = ECC2BE532CA0486C00790C92 /* CanvasView.swift */; };
		ECC2BE562CA0491200790C92 /* ShareSheet.swift in Sources */ = {isa = PBXBuildFile; fileRef = ECC2BE552CA0491200790C92 /* ShareSheet.swift */; };
		ECC4FCD12C6CB61900E78F7F /* ProfileView.swift in Sources */ = {isa = PBXBuildFile; fileRef = ECC4FCD02C6CB61900E78F7F /* ProfileView.swift */; };
		ECCB799C2CDA163D000A1923 /* UserModel.swift in Sources */ = {isa = PBXBuildFile; fileRef = ECCB799B2CDA163D000A1923 /* UserModel.swift */; };
		ECCC7B322CAAB3FB00B16C91 /* WidgetKit.framework in Frameworks */ = {isa = PBXBuildFile; fileRef = ECCC7B312CAAB3FB00B16C91 /* WidgetKit.framework */; };
		ECCC7B342CAAB3FB00B16C91 /* SwiftUI.framework in Frameworks */ = {isa = PBXBuildFile; fileRef = ECCC7B332CAAB3FB00B16C91 /* SwiftUI.framework */; };
		ECCC7B372CAAB3FB00B16C91 /* PetiverseWidgetExtensionBundle.swift in Sources */ = {isa = PBXBuildFile; fileRef = ECCC7B362CAAB3FB00B16C91 /* PetiverseWidgetExtensionBundle.swift */; };
		ECCC7B392CAAB3FB00B16C91 /* PetiverseWidgetExtensionLiveActivity.swift in Sources */ = {isa = PBXBuildFile; fileRef = ECCC7B382CAAB3FB00B16C91 /* PetiverseWidgetExtensionLiveActivity.swift */; };
		ECCC7B3B2CAAB3FB00B16C91 /* PetiverseWidgetExtension.swift in Sources */ = {isa = PBXBuildFile; fileRef = ECCC7B3A2CAAB3FB00B16C91 /* PetiverseWidgetExtension.swift */; };
		ECCC7B3D2CAAB3FB00B16C91 /* AppIntent.swift in Sources */ = {isa = PBXBuildFile; fileRef = ECCC7B3C2CAAB3FB00B16C91 /* AppIntent.swift */; };
		ECCC7B3F2CAAB3FD00B16C91 /* Assets.xcassets in Resources */ = {isa = PBXBuildFile; fileRef = ECCC7B3E2CAAB3FD00B16C91 /* Assets.xcassets */; };
		ECCC7B432CAAB3FD00B16C91 /* PetiverseWidgetExtensionExtension.appex in Embed Foundation Extensions */ = {isa = PBXBuildFile; fileRef = ECCC7B2F2CAAB3FB00B16C91 /* PetiverseWidgetExtensionExtension.appex */; settings = {ATTRIBUTES = (RemoveHeadersOnCopy, ); }; };
		ECDEB2EF2CD4FB4900FD8496 /* LuckyBoxView.swift in Sources */ = {isa = PBXBuildFile; fileRef = ECDEB2EE2CD4FB4900FD8496 /* LuckyBoxView.swift */; };
/* End PBXBuildFile section */

/* Begin PBXContainerItemProxy section */
		ECCC7B412CAAB3FD00B16C91 /* PBXContainerItemProxy */ = {
			isa = PBXContainerItemProxy;
			containerPortal = EC606ECB2C57B7040015F103 /* Project object */;
			proxyType = 1;
			remoteGlobalIDString = ECCC7B2E2CAAB3FB00B16C91;
			remoteInfo = PetiverseWidgetExtensionExtension;
		};
/* End PBXContainerItemProxy section */

/* Begin PBXCopyFilesBuildPhase section */
		EC8D59C52D085B2B0050740C /* Embed Frameworks */ = {
			isa = PBXCopyFilesBuildPhase;
			buildActionMask = 2147483647;
			dstPath = "";
			dstSubfolderSpec = 10;
			files = (
			);
			name = "Embed Frameworks";
			runOnlyForDeploymentPostprocessing = 0;
		};
		ECCC7B442CAAB3FD00B16C91 /* Embed Foundation Extensions */ = {
			isa = PBXCopyFilesBuildPhase;
			buildActionMask = 2147483647;
			dstPath = "";
			dstSubfolderSpec = 13;
			files = (
				ECCC7B432CAAB3FD00B16C91 /* PetiverseWidgetExtensionExtension.appex in Embed Foundation Extensions */,
			);
			name = "Embed Foundation Extensions";
			runOnlyForDeploymentPostprocessing = 0;
		};
/* End PBXCopyFilesBuildPhase section */

/* Begin PBXFileReference section */
		EC071D132C7C7C0C00D269A6 /* EmotionsView.swift */ = {isa = PBXFileReference; lastKnownFileType = sourcecode.swift; path = EmotionsView.swift; sourceTree = "<group>"; };
		EC08F0D42C9C641000F6574D /* PasswordTextField.swift */ = {isa = PBXFileReference; lastKnownFileType = sourcecode.swift; path = PasswordTextField.swift; sourceTree = "<group>"; };
		EC1108312C622C3700E91D93 /* ShopScreenView.swift */ = {isa = PBXFileReference; lastKnownFileType = sourcecode.swift; path = ShopScreenView.swift; sourceTree = "<group>"; };
		EC1108332C622F1200E91D93 /* FriendsView.swift */ = {isa = PBXFileReference; lastKnownFileType = sourcecode.swift; path = FriendsView.swift; sourceTree = "<group>"; };
		EC1B965D2C9EF6E7001C5773 /* NoteView.swift */ = {isa = PBXFileReference; lastKnownFileType = sourcecode.swift; path = NoteView.swift; sourceTree = "<group>"; };
		EC1B965F2C9EFC83001C5773 /* QuestionComponent.swift */ = {isa = PBXFileReference; lastKnownFileType = sourcecode.swift; path = QuestionComponent.swift; sourceTree = "<group>"; };
		EC1CE96F2D4D3C400082FD4F /* OnboardingView.swift */ = {isa = PBXFileReference; lastKnownFileType = sourcecode.swift; path = OnboardingView.swift; sourceTree = "<group>"; };
		EC1CE9722D4D412F0082FD4F /* Nunito-Italic-VariableFont_wght.ttf */ = {isa = PBXFileReference; lastKnownFileType = file; path = "Nunito-Italic-VariableFont_wght.ttf"; sourceTree = "<group>"; };
		EC1CE9732D4D412F0082FD4F /* Nunito-VariableFont_wght.ttf */ = {isa = PBXFileReference; lastKnownFileType = file; path = "Nunito-VariableFont_wght.ttf"; sourceTree = "<group>"; };
		EC1CE99C2D5235720082FD4F /* GetAllQuizesResponse.swift */ = {isa = PBXFileReference; lastKnownFileType = sourcecode.swift; path = GetAllQuizesResponse.swift; sourceTree = "<group>"; };
		EC1CE99F2D5238150082FD4F /* CoupleQuestionViewModel.swift */ = {isa = PBXFileReference; lastKnownFileType = sourcecode.swift; path = CoupleQuestionViewModel.swift; sourceTree = "<group>"; };
		EC2B97C12CB69BF500CE15CD /* CountDownWidget.swift */ = {isa = PBXFileReference; lastKnownFileType = sourcecode.swift; path = CountDownWidget.swift; sourceTree = "<group>"; };
		EC2B97C42CB6A63900CE15CD /* CountDownView.swift */ = {isa = PBXFileReference; lastKnownFileType = sourcecode.swift; path = CountDownView.swift; sourceTree = "<group>"; };
		EC561BFA2C88A31900D90B4A /* PetCareView.swift */ = {isa = PBXFileReference; lastKnownFileType = sourcecode.swift; path = PetCareView.swift; sourceTree = "<group>"; };
		EC561BFC2C8B41AC00D90B4A /* PremiumView.swift */ = {isa = PBXFileReference; lastKnownFileType = sourcecode.swift; path = PremiumView.swift; sourceTree = "<group>"; };
		EC561BFE2C8B4CB500D90B4A /* ProfileEditView.swift */ = {isa = PBXFileReference; lastKnownFileType = sourcecode.swift; path = ProfileEditView.swift; sourceTree = "<group>"; };
		EC606ED32C57B7040015F103 /* RaisingPet.app */ = {isa = PBXFileReference; explicitFileType = wrapper.application; includeInIndex = 0; path = RaisingPet.app; sourceTree = BUILT_PRODUCTS_DIR; };
		EC606ED62C57B7040015F103 /* RaisingPetApp.swift */ = {isa = PBXFileReference; lastKnownFileType = sourcecode.swift; path = RaisingPetApp.swift; sourceTree = "<group>"; };
		EC606ED82C57B7040015F103 /* SplashView.swift */ = {isa = PBXFileReference; lastKnownFileType = sourcecode.swift; path = SplashView.swift; sourceTree = "<group>"; };
		EC606EDA2C57B7060015F103 /* Assets.xcassets */ = {isa = PBXFileReference; lastKnownFileType = folder.assetcatalog; path = Assets.xcassets; sourceTree = "<group>"; };
		EC606EDD2C57B7060015F103 /* Preview Assets.xcassets */ = {isa = PBXFileReference; lastKnownFileType = folder.assetcatalog; path = "Preview Assets.xcassets"; sourceTree = "<group>"; };
		EC606F012C57D1320015F103 /* button.swift */ = {isa = PBXFileReference; lastKnownFileType = sourcecode.swift; path = button.swift; sourceTree = "<group>"; };
		EC606F062C57D1F20015F103 /* SignInUpBackground.swift */ = {isa = PBXFileReference; lastKnownFileType = sourcecode.swift; path = SignInUpBackground.swift; sourceTree = "<group>"; };
		EC606F0A2C57D2DE0015F103 /* SignUpView.swift */ = {isa = PBXFileReference; lastKnownFileType = sourcecode.swift; path = SignUpView.swift; sourceTree = "<group>"; };
		EC606F0C2C57D46D0015F103 /* MailTextField.swift */ = {isa = PBXFileReference; lastKnownFileType = sourcecode.swift; path = MailTextField.swift; sourceTree = "<group>"; };
		EC606F0E2C57E1040015F103 /* LoginView.swift */ = {isa = PBXFileReference; lastKnownFileType = sourcecode.swift; path = LoginView.swift; sourceTree = "<group>"; };
		EC606F142C58F61F0015F103 /* RootView.swift */ = {isa = PBXFileReference; lastKnownFileType = sourcecode.swift; path = RootView.swift; sourceTree = "<group>"; };
		EC606F1F2C5FB4D80015F103 /* Info.plist */ = {isa = PBXFileReference; lastKnownFileType = text.plist; path = Info.plist; sourceTree = "<group>"; };
		EC606F212C5FB7F80015F103 /* Utilities.swift */ = {isa = PBXFileReference; lastKnownFileType = sourcecode.swift; path = Utilities.swift; sourceTree = "<group>"; };
		EC8AA8FB2C60FB96000C2478 /* SettingsButtonComp.swift */ = {isa = PBXFileReference; lastKnownFileType = sourcecode.swift; path = SettingsButtonComp.swift; sourceTree = "<group>"; };
		EC8AA8FD2C610142000C2478 /* HomeView.swift */ = {isa = PBXFileReference; lastKnownFileType = sourcecode.swift; path = HomeView.swift; sourceTree = "<group>"; };
		EC8AA9012C610205000C2478 /* CoupleQuestionView.swift */ = {isa = PBXFileReference; lastKnownFileType = sourcecode.swift; path = CoupleQuestionView.swift; sourceTree = "<group>"; };
		EC8D59C62D0876300050740C /* AppState.swift */ = {isa = PBXFileReference; lastKnownFileType = sourcecode.swift; path = AppState.swift; sourceTree = "<group>"; };
		EC8D59C82D089B9F0050740C /* LoginResponseModel.swift */ = {isa = PBXFileReference; lastKnownFileType = sourcecode.swift; path = LoginResponseModel.swift; sourceTree = "<group>"; };
		EC8D59CA2D089BAE0050740C /* SignupRequestModel.swift */ = {isa = PBXFileReference; lastKnownFileType = sourcecode.swift; path = SignupRequestModel.swift; sourceTree = "<group>"; };
		EC8D59CC2D089BC80050740C /* FriendsResponseModel.swift */ = {isa = PBXFileReference; lastKnownFileType = sourcecode.swift; path = FriendsResponseModel.swift; sourceTree = "<group>"; };
		EC8D59CE2D089C0C0050740C /* ErrorResponseModel.swift */ = {isa = PBXFileReference; lastKnownFileType = sourcecode.swift; path = ErrorResponseModel.swift; sourceTree = "<group>"; };
		EC8D59D12D089C8A0050740C /* FriendsViewModel.swift */ = {isa = PBXFileReference; lastKnownFileType = sourcecode.swift; path = FriendsViewModel.swift; sourceTree = "<group>"; };
		EC989DB22CE8B14900E3FA82 /* LoginViewModel.swift */ = {isa = PBXFileReference; lastKnownFileType = sourcecode.swift; path = LoginViewModel.swift; sourceTree = "<group>"; };
		EC989DB42CE8B19000E3FA82 /* SignUpViewModel.swift */ = {isa = PBXFileReference; lastKnownFileType = sourcecode.swift; path = SignUpViewModel.swift; sourceTree = "<group>"; };
		EC98CD732D0B404500801BD1 /* MyWidgetsView.swift */ = {isa = PBXFileReference; lastKnownFileType = sourcecode.swift; path = MyWidgetsView.swift; sourceTree = "<group>"; };
		ECA066FE2D11756700540FDE /* QuizQuestionView.swift */ = {isa = PBXFileReference; lastKnownFileType = sourcecode.swift; path = QuizQuestionView.swift; sourceTree = "<group>"; };
		ECAF55B22C75F19A0010B6CF /* PetView.swift */ = {isa = PBXFileReference; lastKnownFileType = sourcecode.swift; path = PetView.swift; sourceTree = "<group>"; };
		ECB5F56B2D54DBB2001AC419 /* ProfileViewModel.swift */ = {isa = PBXFileReference; lastKnownFileType = sourcecode.swift; path = ProfileViewModel.swift; sourceTree = "<group>"; };
		ECC1D0922D440C85008D2C92 /* SignUpResponseBody.swift */ = {isa = PBXFileReference; lastKnownFileType = sourcecode.swift; path = SignUpResponseBody.swift; sourceTree = "<group>"; };
		ECC1D0942D440C95008D2C92 /* LoginRequestBody.swift */ = {isa = PBXFileReference; lastKnownFileType = sourcecode.swift; path = LoginRequestBody.swift; sourceTree = "<group>"; };
		ECC2BE532CA0486C00790C92 /* CanvasView.swift */ = {isa = PBXFileReference; lastKnownFileType = sourcecode.swift; path = CanvasView.swift; sourceTree = "<group>"; };
		ECC2BE552CA0491200790C92 /* ShareSheet.swift */ = {isa = PBXFileReference; lastKnownFileType = sourcecode.swift; path = ShareSheet.swift; sourceTree = "<group>"; };
		ECC4FCD02C6CB61900E78F7F /* ProfileView.swift */ = {isa = PBXFileReference; lastKnownFileType = sourcecode.swift; path = ProfileView.swift; sourceTree = "<group>"; };
		ECCB799B2CDA163D000A1923 /* UserModel.swift */ = {isa = PBXFileReference; lastKnownFileType = sourcecode.swift; path = UserModel.swift; sourceTree = "<group>"; };
		ECCC7B2F2CAAB3FB00B16C91 /* PetiverseWidgetExtensionExtension.appex */ = {isa = PBXFileReference; explicitFileType = "wrapper.app-extension"; includeInIndex = 0; path = PetiverseWidgetExtensionExtension.appex; sourceTree = BUILT_PRODUCTS_DIR; };
		ECCC7B312CAAB3FB00B16C91 /* WidgetKit.framework */ = {isa = PBXFileReference; lastKnownFileType = wrapper.framework; name = WidgetKit.framework; path = System/Library/Frameworks/WidgetKit.framework; sourceTree = SDKROOT; };
		ECCC7B332CAAB3FB00B16C91 /* SwiftUI.framework */ = {isa = PBXFileReference; lastKnownFileType = wrapper.framework; name = SwiftUI.framework; path = System/Library/Frameworks/SwiftUI.framework; sourceTree = SDKROOT; };
		ECCC7B362CAAB3FB00B16C91 /* PetiverseWidgetExtensionBundle.swift */ = {isa = PBXFileReference; lastKnownFileType = sourcecode.swift; path = PetiverseWidgetExtensionBundle.swift; sourceTree = "<group>"; };
		ECCC7B382CAAB3FB00B16C91 /* PetiverseWidgetExtensionLiveActivity.swift */ = {isa = PBXFileReference; lastKnownFileType = sourcecode.swift; path = PetiverseWidgetExtensionLiveActivity.swift; sourceTree = "<group>"; };
		ECCC7B3A2CAAB3FB00B16C91 /* PetiverseWidgetExtension.swift */ = {isa = PBXFileReference; lastKnownFileType = sourcecode.swift; path = PetiverseWidgetExtension.swift; sourceTree = "<group>"; };
		ECCC7B3C2CAAB3FB00B16C91 /* AppIntent.swift */ = {isa = PBXFileReference; lastKnownFileType = sourcecode.swift; path = AppIntent.swift; sourceTree = "<group>"; };
		ECCC7B3E2CAAB3FD00B16C91 /* Assets.xcassets */ = {isa = PBXFileReference; lastKnownFileType = folder.assetcatalog; path = Assets.xcassets; sourceTree = "<group>"; };
		ECCC7B402CAAB3FD00B16C91 /* Info.plist */ = {isa = PBXFileReference; lastKnownFileType = text.plist.xml; path = Info.plist; sourceTree = "<group>"; };
		ECCC7B482CAAB41200B16C91 /* PetiverseWidgetExtensionExtension.entitlements */ = {isa = PBXFileReference; lastKnownFileType = text.plist.entitlements; path = PetiverseWidgetExtensionExtension.entitlements; sourceTree = "<group>"; };
		ECCC7B492CAAB41F00B16C91 /* RaisingPet.entitlements */ = {isa = PBXFileReference; lastKnownFileType = text.plist.entitlements; path = RaisingPet.entitlements; sourceTree = "<group>"; };
		ECDEB2EE2CD4FB4900FD8496 /* LuckyBoxView.swift */ = {isa = PBXFileReference; lastKnownFileType = sourcecode.swift; path = LuckyBoxView.swift; sourceTree = "<group>"; };
/* End PBXFileReference section */

/* Begin PBXFileSystemSynchronizedRootGroup section */
		EC989DB92CE8DA2900E3FA82 /* Widgets */ = {isa = PBXFileSystemSynchronizedRootGroup; explicitFileTypes = {}; explicitFolders = (); path = Widgets; sourceTree = "<group>"; };
/* End PBXFileSystemSynchronizedRootGroup section */

/* Begin PBXFrameworksBuildPhase section */
		EC606ED02C57B7040015F103 /* Frameworks */ = {
			isa = PBXFrameworksBuildPhase;
			buildActionMask = 2147483647;
			files = (
				EC8D59C12D084DB30050740C /* Alamofire in Frameworks */,
				EC606F182C5FB44C0015F103 /* GoogleSignIn in Frameworks */,
				EC606F1A2C5FB44C0015F103 /* GoogleSignInSwift in Frameworks */,
			);
			runOnlyForDeploymentPostprocessing = 0;
		};
		ECCC7B2C2CAAB3FB00B16C91 /* Frameworks */ = {
			isa = PBXFrameworksBuildPhase;
			buildActionMask = 2147483647;
			files = (
				ECCC7B342CAAB3FB00B16C91 /* SwiftUI.framework in Frameworks */,
				ECCC7B322CAAB3FB00B16C91 /* WidgetKit.framework in Frameworks */,
			);
			runOnlyForDeploymentPostprocessing = 0;
		};
/* End PBXFrameworksBuildPhase section */

/* Begin PBXGroup section */
		EC1108302C622BDA00E91D93 /* View */ = {
			isa = PBXGroup;
			children = (
				EC1CE96E2D4D3C130082FD4F /* OnBoarding */,
				EC989DB92CE8DA2900E3FA82 /* Widgets */,
				EC606F082C57D2A80015F103 /* SignInUp */,
				EC989DD62CE8DAE500E3FA82 /* TabBar */,
				EC989DD72CE8DB8C00E3FA82 /* Home */,
				ECDEB2EE2CD4FB4900FD8496 /* LuckyBoxView.swift */,
				EC989DD82CE8DC2600E3FA82 /* Premium */,
			);
			path = View;
			sourceTree = "<group>";
		};
		EC1CE96C2D4D3A840082FD4F /* Couple Question */ = {
			isa = PBXGroup;
			children = (
				EC8AA9012C610205000C2478 /* CoupleQuestionView.swift */,
			);
			path = "Couple Question";
			sourceTree = "<group>";
		};
		EC1CE96E2D4D3C130082FD4F /* OnBoarding */ = {
			isa = PBXGroup;
			children = (
				EC1CE96F2D4D3C400082FD4F /* OnboardingView.swift */,
			);
			path = OnBoarding;
			sourceTree = "<group>";
		};
		EC1CE9712D4D411A0082FD4F /* FONT */ = {
			isa = PBXGroup;
			children = (
				EC1CE9722D4D412F0082FD4F /* Nunito-Italic-VariableFont_wght.ttf */,
				EC1CE9732D4D412F0082FD4F /* Nunito-VariableFont_wght.ttf */,
			);
			path = FONT;
			sourceTree = "<group>";
		};
		EC1CE99E2D5237FD0082FD4F /* CoupleQuestionViewModel */ = {
			isa = PBXGroup;
			children = (
				EC1CE99F2D5238150082FD4F /* CoupleQuestionViewModel.swift */,
			);
			path = CoupleQuestionViewModel;
			sourceTree = "<group>";
		};
		EC606ECA2C57B7040015F103 = {
			isa = PBXGroup;
			children = (
				ECCC7B482CAAB41200B16C91 /* PetiverseWidgetExtensionExtension.entitlements */,
				EC606ED52C57B7040015F103 /* RaisingPet */,
				ECCC7B352CAAB3FB00B16C91 /* PetiverseWidgetExtension */,
				ECCC7B302CAAB3FB00B16C91 /* Frameworks */,
				EC606ED42C57B7040015F103 /* Products */,
			);
			sourceTree = "<group>";
		};
		EC606ED42C57B7040015F103 /* Products */ = {
			isa = PBXGroup;
			children = (
				EC606ED32C57B7040015F103 /* RaisingPet.app */,
				ECCC7B2F2CAAB3FB00B16C91 /* PetiverseWidgetExtensionExtension.appex */,
			);
			name = Products;
			sourceTree = "<group>";
		};
		EC606ED52C57B7040015F103 /* RaisingPet */ = {
			isa = PBXGroup;
			children = (
				EC1CE9712D4D411A0082FD4F /* FONT */,
				ECCC7B492CAAB41F00B16C91 /* RaisingPet.entitlements */,
				EC606ED62C57B7040015F103 /* RaisingPetApp.swift */,
				EC606F142C58F61F0015F103 /* RootView.swift */,
				EC606F1F2C5FB4D80015F103 /* Info.plist */,
				EC989DAD2CE8B0DD00E3FA82 /* ViewModels */,
				ECCB799A2CDA161C000A1923 /* Services */,
				EC606F202C5FB7E40015F103 /* Utilities */,
				EC606F002C57D10D0015F103 /* Components */,
				EC1108302C622BDA00E91D93 /* View */,
				EC606EDC2C57B7060015F103 /* Preview Content */,
				EC606EDA2C57B7060015F103 /* Assets.xcassets */,
			);
			path = RaisingPet;
			sourceTree = "<group>";
		};
		EC606EDC2C57B7060015F103 /* Preview Content */ = {
			isa = PBXGroup;
			children = (
				EC606EDD2C57B7060015F103 /* Preview Assets.xcassets */,
			);
			path = "Preview Content";
			sourceTree = "<group>";
		};
		EC606F002C57D10D0015F103 /* Components */ = {
			isa = PBXGroup;
			children = (
				EC606F012C57D1320015F103 /* button.swift */,
				EC606F062C57D1F20015F103 /* SignInUpBackground.swift */,
				EC606F0C2C57D46D0015F103 /* MailTextField.swift */,
				EC8AA8FB2C60FB96000C2478 /* SettingsButtonComp.swift */,
				EC08F0D42C9C641000F6574D /* PasswordTextField.swift */,
				EC1B965F2C9EFC83001C5773 /* QuestionComponent.swift */,
				ECC2BE532CA0486C00790C92 /* CanvasView.swift */,
				ECC2BE552CA0491200790C92 /* ShareSheet.swift */,
			);
			path = Components;
			sourceTree = "<group>";
		};
		EC606F082C57D2A80015F103 /* SignInUp */ = {
			isa = PBXGroup;
			children = (
				EC606ED82C57B7040015F103 /* SplashView.swift */,
				EC606F0A2C57D2DE0015F103 /* SignUpView.swift */,
				EC606F0E2C57E1040015F103 /* LoginView.swift */,
			);
			path = SignInUp;
			sourceTree = "<group>";
		};
		EC606F202C5FB7E40015F103 /* Utilities */ = {
			isa = PBXGroup;
			children = (
				EC606F212C5FB7F80015F103 /* Utilities.swift */,
			);
			path = Utilities;
			sourceTree = "<group>";
		};
		EC8D59D02D089C430050740C /* FriendsViewModels */ = {
			isa = PBXGroup;
			children = (
				EC8D59D12D089C8A0050740C /* FriendsViewModel.swift */,
			);
			path = FriendsViewModels;
			sourceTree = "<group>";
		};
		EC989DAD2CE8B0DD00E3FA82 /* ViewModels */ = {
			isa = PBXGroup;
			children = (
				ECB5F56A2D54DBA6001AC419 /* ProfileViewModel */,
				EC1CE99E2D5237FD0082FD4F /* CoupleQuestionViewModel */,
				EC8D59D02D089C430050740C /* FriendsViewModels */,
				EC989DAE2CE8B0E600E3FA82 /* SignViewModels */,
			);
			path = ViewModels;
			sourceTree = "<group>";
		};
		EC989DAE2CE8B0E600E3FA82 /* SignViewModels */ = {
			isa = PBXGroup;
			children = (
				EC989DB22CE8B14900E3FA82 /* LoginViewModel.swift */,
				EC989DB42CE8B19000E3FA82 /* SignUpViewModel.swift */,
				EC8D59C62D0876300050740C /* AppState.swift */,
			);
			path = SignViewModels;
			sourceTree = "<group>";
		};
		EC989DD62CE8DAE500E3FA82 /* TabBar */ = {
			isa = PBXGroup;
			children = (
				EC561BFE2C8B4CB500D90B4A /* ProfileEditView.swift */,
				EC1CE96C2D4D3A840082FD4F /* Couple Question */,
				ECC4FCD02C6CB61900E78F7F /* ProfileView.swift */,
				EC071D132C7C7C0C00D269A6 /* EmotionsView.swift */,
				ECA066FE2D11756700540FDE /* QuizQuestionView.swift */,
				EC8AA8FD2C610142000C2478 /* HomeView.swift */,
			);
			path = TabBar;
			sourceTree = "<group>";
		};
		EC989DD72CE8DB8C00E3FA82 /* Home */ = {
			isa = PBXGroup;
			children = (
				EC1B965D2C9EF6E7001C5773 /* NoteView.swift */,
				ECAF55B22C75F19A0010B6CF /* PetView.swift */,
				EC561BFA2C88A31900D90B4A /* PetCareView.swift */,
				EC1108332C622F1200E91D93 /* FriendsView.swift */,
				EC1108312C622C3700E91D93 /* ShopScreenView.swift */,
				EC98CD732D0B404500801BD1 /* MyWidgetsView.swift */,
			);
			path = Home;
			sourceTree = "<group>";
		};
		EC989DD82CE8DC2600E3FA82 /* Premium */ = {
			isa = PBXGroup;
			children = (
				EC561BFC2C8B41AC00D90B4A /* PremiumView.swift */,
			);
			path = Premium;
			sourceTree = "<group>";
		};
		ECB5F56A2D54DBA6001AC419 /* ProfileViewModel */ = {
			isa = PBXGroup;
			children = (
				ECB5F56B2D54DBB2001AC419 /* ProfileViewModel.swift */,
			);
			path = ProfileViewModel;
			sourceTree = "<group>";
		};
		ECC1D0902D440C44008D2C92 /* RequestModels */ = {
			isa = PBXGroup;
			children = (
				EC8D59CA2D089BAE0050740C /* SignupRequestModel.swift */,
				ECC1D0942D440C95008D2C92 /* LoginRequestBody.swift */,
				EC8D59CC2D089BC80050740C /* FriendsResponseModel.swift */,
				ECCB799B2CDA163D000A1923 /* UserModel.swift */,
			);
			path = RequestModels;
			sourceTree = "<group>";
		};
		ECC1D0912D440C4B008D2C92 /* ResponseModels */ = {
			isa = PBXGroup;
			children = (
				EC8D59CE2D089C0C0050740C /* ErrorResponseModel.swift */,
				EC1CE99C2D5235720082FD4F /* GetAllQuizesResponse.swift */,
				ECC1D0922D440C85008D2C92 /* SignUpResponseBody.swift */,
				EC8D59C82D089B9F0050740C /* LoginResponseModel.swift */,
			);
			path = ResponseModels;
			sourceTree = "<group>";
		};
		ECCB799A2CDA161C000A1923 /* Services */ = {
			isa = PBXGroup;
			children = (
				ECC1D0902D440C44008D2C92 /* RequestModels */,
				ECC1D0912D440C4B008D2C92 /* ResponseModels */,
			);
			path = Services;
			sourceTree = "<group>";
		};
		ECCC7B302CAAB3FB00B16C91 /* Frameworks */ = {
			isa = PBXGroup;
			children = (
				ECCC7B312CAAB3FB00B16C91 /* WidgetKit.framework */,
				ECCC7B332CAAB3FB00B16C91 /* SwiftUI.framework */,
			);
			name = Frameworks;
			sourceTree = "<group>";
		};
		ECCC7B352CAAB3FB00B16C91 /* PetiverseWidgetExtension */ = {
			isa = PBXGroup;
			children = (
				ECCC7B362CAAB3FB00B16C91 /* PetiverseWidgetExtensionBundle.swift */,
				ECCC7B382CAAB3FB00B16C91 /* PetiverseWidgetExtensionLiveActivity.swift */,
				ECCC7B3A2CAAB3FB00B16C91 /* PetiverseWidgetExtension.swift */,
				EC2B97C12CB69BF500CE15CD /* CountDownWidget.swift */,
				EC2B97C42CB6A63900CE15CD /* CountDownView.swift */,
				ECCC7B3C2CAAB3FB00B16C91 /* AppIntent.swift */,
				ECCC7B3E2CAAB3FD00B16C91 /* Assets.xcassets */,
				ECCC7B402CAAB3FD00B16C91 /* Info.plist */,
			);
			path = PetiverseWidgetExtension;
			sourceTree = "<group>";
		};
/* End PBXGroup section */

/* Begin PBXNativeTarget section */
		EC606ED22C57B7040015F103 /* RaisingPet */ = {
			isa = PBXNativeTarget;
			buildConfigurationList = EC606EE12C57B7060015F103 /* Build configuration list for PBXNativeTarget "RaisingPet" */;
			buildPhases = (
				EC606ECF2C57B7040015F103 /* Sources */,
				EC606ED02C57B7040015F103 /* Frameworks */,
				EC606ED12C57B7040015F103 /* Resources */,
				ECCC7B442CAAB3FD00B16C91 /* Embed Foundation Extensions */,
				EC8D59C52D085B2B0050740C /* Embed Frameworks */,
			);
			buildRules = (
			);
			dependencies = (
				ECCC7B422CAAB3FD00B16C91 /* PBXTargetDependency */,
			);
			fileSystemSynchronizedGroups = (
				EC989DB92CE8DA2900E3FA82 /* Widgets */,
			);
			name = RaisingPet;
			packageProductDependencies = (
				EC606F172C5FB44C0015F103 /* GoogleSignIn */,
				EC606F192C5FB44C0015F103 /* GoogleSignInSwift */,
				EC8D59C02D084DB30050740C /* Alamofire */,
			);
			productName = RaisingPet;
			productReference = EC606ED32C57B7040015F103 /* RaisingPet.app */;
			productType = "com.apple.product-type.application";
		};
		ECCC7B2E2CAAB3FB00B16C91 /* PetiverseWidgetExtensionExtension */ = {
			isa = PBXNativeTarget;
			buildConfigurationList = ECCC7B472CAAB3FD00B16C91 /* Build configuration list for PBXNativeTarget "PetiverseWidgetExtensionExtension" */;
			buildPhases = (
				ECCC7B2B2CAAB3FB00B16C91 /* Sources */,
				ECCC7B2C2CAAB3FB00B16C91 /* Frameworks */,
				ECCC7B2D2CAAB3FB00B16C91 /* Resources */,
			);
			buildRules = (
			);
			dependencies = (
			);
			name = PetiverseWidgetExtensionExtension;
			productName = PetiverseWidgetExtensionExtension;
			productReference = ECCC7B2F2CAAB3FB00B16C91 /* PetiverseWidgetExtensionExtension.appex */;
			productType = "com.apple.product-type.app-extension";
		};
/* End PBXNativeTarget section */

/* Begin PBXProject section */
		EC606ECB2C57B7040015F103 /* Project object */ = {
			isa = PBXProject;
			attributes = {
				BuildIndependentTargetsInParallel = 1;
				LastSwiftUpdateCheck = 1540;
				LastUpgradeCheck = 1540;
				TargetAttributes = {
					EC606ED22C57B7040015F103 = {
						CreatedOnToolsVersion = 15.4;
					};
					ECCC7B2E2CAAB3FB00B16C91 = {
						CreatedOnToolsVersion = 15.4;
					};
				};
			};
			buildConfigurationList = EC606ECE2C57B7040015F103 /* Build configuration list for PBXProject "RaisingPet" */;
			compatibilityVersion = "Xcode 14.0";
			developmentRegion = en;
			hasScannedForEncodings = 0;
			knownRegions = (
				en,
				Base,
			);
			mainGroup = EC606ECA2C57B7040015F103;
			packageReferences = (
				EC606F162C5FB44B0015F103 /* XCRemoteSwiftPackageReference "GoogleSignIn-iOS" */,
				EC8D59BF2D0843850050740C /* XCRemoteSwiftPackageReference "Alamofire" */,
			);
			productRefGroup = EC606ED42C57B7040015F103 /* Products */;
			projectDirPath = "";
			projectRoot = "";
			targets = (
				EC606ED22C57B7040015F103 /* RaisingPet */,
				ECCC7B2E2CAAB3FB00B16C91 /* PetiverseWidgetExtensionExtension */,
			);
		};
/* End PBXProject section */

/* Begin PBXResourcesBuildPhase section */
		EC606ED12C57B7040015F103 /* Resources */ = {
			isa = PBXResourcesBuildPhase;
			buildActionMask = 2147483647;
			files = (
				EC1CE9742D4D412F0082FD4F /* Nunito-Italic-VariableFont_wght.ttf in Resources */,
				EC1CE9752D4D412F0082FD4F /* Nunito-VariableFont_wght.ttf in Resources */,
				EC606EDE2C57B7060015F103 /* Preview Assets.xcassets in Resources */,
				EC606EDB2C57B7060015F103 /* Assets.xcassets in Resources */,
			);
			runOnlyForDeploymentPostprocessing = 0;
		};
		ECCC7B2D2CAAB3FB00B16C91 /* Resources */ = {
			isa = PBXResourcesBuildPhase;
			buildActionMask = 2147483647;
			files = (
				ECCC7B3F2CAAB3FD00B16C91 /* Assets.xcassets in Resources */,
			);
			runOnlyForDeploymentPostprocessing = 0;
		};
/* End PBXResourcesBuildPhase section */

/* Begin PBXSourcesBuildPhase section */
		EC606ECF2C57B7040015F103 /* Sources */ = {
			isa = PBXSourcesBuildPhase;
			buildActionMask = 2147483647;
			files = (
				EC1CE9A02D5238150082FD4F /* CoupleQuestionViewModel.swift in Sources */,
				ECCB799C2CDA163D000A1923 /* UserModel.swift in Sources */,
				EC606F072C57D1F20015F103 /* SignInUpBackground.swift in Sources */,
				EC8D59CB2D089BAE0050740C /* SignupRequestModel.swift in Sources */,
				EC1CE9702D4D3C400082FD4F /* OnboardingView.swift in Sources */,
				EC2B97C22CB69BF500CE15CD /* CountDownWidget.swift in Sources */,
				ECB5F56C2D54DBB7001AC419 /* ProfileViewModel.swift in Sources */,
				EC989DB32CE8B14900E3FA82 /* LoginViewModel.swift in Sources */,
				ECA066FF2D11756700540FDE /* QuizQuestionView.swift in Sources */,
				ECC2BE562CA0491200790C92 /* ShareSheet.swift in Sources */,
				EC606F222C5FB7F80015F103 /* Utilities.swift in Sources */,
				EC8AA8FE2C610142000C2478 /* HomeView.swift in Sources */,
				ECAF55B32C75F19B0010B6CF /* PetView.swift in Sources */,
				EC8D59CD2D089BC80050740C /* FriendsResponseModel.swift in Sources */,
				EC606F0F2C57E1040015F103 /* LoginView.swift in Sources */,
				EC2B97C52CB6A63900CE15CD /* CountDownView.swift in Sources */,
				ECDEB2EF2CD4FB4900FD8496 /* LuckyBoxView.swift in Sources */,
				EC561BFF2C8B4CB500D90B4A /* ProfileEditView.swift in Sources */,
				EC606F152C58F61F0015F103 /* RootView.swift in Sources */,
				ECC1D0932D440C85008D2C92 /* SignUpResponseBody.swift in Sources */,
				EC606F0B2C57D2DE0015F103 /* SignUpView.swift in Sources */,
				EC08F0D52C9C641000F6574D /* PasswordTextField.swift in Sources */,
				EC606ED92C57B7040015F103 /* SplashView.swift in Sources */,
				EC8AA8FC2C60FB96000C2478 /* SettingsButtonComp.swift in Sources */,
				ECC4FCD12C6CB61900E78F7F /* ProfileView.swift in Sources */,
				EC8D59CF2D089C0C0050740C /* ErrorResponseModel.swift in Sources */,
				ECC2BE542CA0486C00790C92 /* CanvasView.swift in Sources */,
				EC8AA9022C610205000C2478 /* CoupleQuestionView.swift in Sources */,
				EC98CD742D0B404600801BD1 /* MyWidgetsView.swift in Sources */,
				EC8D59D22D089C8E0050740C /* FriendsViewModel.swift in Sources */,
				EC8D59C92D089B9F0050740C /* LoginResponseModel.swift in Sources */,
				EC561BFD2C8B41AC00D90B4A /* PremiumView.swift in Sources */,
				ECC1D0952D440C95008D2C92 /* LoginRequestBody.swift in Sources */,
				EC606F0D2C57D46D0015F103 /* MailTextField.swift in Sources */,
				EC989DB52CE8B19000E3FA82 /* SignUpViewModel.swift in Sources */,
				EC071D142C7C7C0C00D269A6 /* EmotionsView.swift in Sources */,
				EC1108322C622C3700E91D93 /* ShopScreenView.swift in Sources */,
				EC561BFB2C88A31900D90B4A /* PetCareView.swift in Sources */,
				EC1108342C622F1300E91D93 /* FriendsView.swift in Sources */,
				EC8D59C72D0876300050740C /* AppState.swift in Sources */,
				EC1B96602C9EFC83001C5773 /* QuestionComponent.swift in Sources */,
				EC606ED72C57B7040015F103 /* RaisingPetApp.swift in Sources */,
				EC1B965E2C9EF6E7001C5773 /* NoteView.swift in Sources */,
				EC1CE99D2D5235720082FD4F /* GetAllQuizesResponse.swift in Sources */,
				EC606F022C57D1320015F103 /* button.swift in Sources */,
			);
			runOnlyForDeploymentPostprocessing = 0;
		};
		ECCC7B2B2CAAB3FB00B16C91 /* Sources */ = {
			isa = PBXSourcesBuildPhase;
			buildActionMask = 2147483647;
			files = (
				ECCC7B392CAAB3FB00B16C91 /* PetiverseWidgetExtensionLiveActivity.swift in Sources */,
				ECCC7B3D2CAAB3FB00B16C91 /* AppIntent.swift in Sources */,
				EC2B97C62CB6A6B200CE15CD /* CountDownView.swift in Sources */,
				ECCC7B3B2CAAB3FB00B16C91 /* PetiverseWidgetExtension.swift in Sources */,
				EC2B97C32CB69C9900CE15CD /* CountDownWidget.swift in Sources */,
				ECCC7B372CAAB3FB00B16C91 /* PetiverseWidgetExtensionBundle.swift in Sources */,
			);
			runOnlyForDeploymentPostprocessing = 0;
		};
/* End PBXSourcesBuildPhase section */

/* Begin PBXTargetDependency section */
		ECCC7B422CAAB3FD00B16C91 /* PBXTargetDependency */ = {
			isa = PBXTargetDependency;
			target = ECCC7B2E2CAAB3FB00B16C91 /* PetiverseWidgetExtensionExtension */;
			targetProxy = ECCC7B412CAAB3FD00B16C91 /* PBXContainerItemProxy */;
		};
/* End PBXTargetDependency section */

/* Begin XCBuildConfiguration section */
		EC606EDF2C57B7060015F103 /* Debug */ = {
			isa = XCBuildConfiguration;
			buildSettings = {
				ALWAYS_SEARCH_USER_PATHS = NO;
				ASSETCATALOG_COMPILER_GENERATE_SWIFT_ASSET_SYMBOL_EXTENSIONS = YES;
				CLANG_ANALYZER_NONNULL = YES;
				CLANG_ANALYZER_NUMBER_OBJECT_CONVERSION = YES_AGGRESSIVE;
				CLANG_CXX_LANGUAGE_STANDARD = "gnu++20";
				CLANG_ENABLE_MODULES = YES;
				CLANG_ENABLE_OBJC_ARC = YES;
				CLANG_ENABLE_OBJC_WEAK = YES;
				CLANG_WARN_BLOCK_CAPTURE_AUTORELEASING = YES;
				CLANG_WARN_BOOL_CONVERSION = YES;
				CLANG_WARN_COMMA = YES;
				CLANG_WARN_CONSTANT_CONVERSION = YES;
				CLANG_WARN_DEPRECATED_OBJC_IMPLEMENTATIONS = YES;
				CLANG_WARN_DIRECT_OBJC_ISA_USAGE = YES_ERROR;
				CLANG_WARN_DOCUMENTATION_COMMENTS = YES;
				CLANG_WARN_EMPTY_BODY = YES;
				CLANG_WARN_ENUM_CONVERSION = YES;
				CLANG_WARN_INFINITE_RECURSION = YES;
				CLANG_WARN_INT_CONVERSION = YES;
				CLANG_WARN_NON_LITERAL_NULL_CONVERSION = YES;
				CLANG_WARN_OBJC_IMPLICIT_RETAIN_SELF = YES;
				CLANG_WARN_OBJC_LITERAL_CONVERSION = YES;
				CLANG_WARN_OBJC_ROOT_CLASS = YES_ERROR;
				CLANG_WARN_QUOTED_INCLUDE_IN_FRAMEWORK_HEADER = YES;
				CLANG_WARN_RANGE_LOOP_ANALYSIS = YES;
				CLANG_WARN_STRICT_PROTOTYPES = YES;
				CLANG_WARN_SUSPICIOUS_MOVE = YES;
				CLANG_WARN_UNGUARDED_AVAILABILITY = YES_AGGRESSIVE;
				CLANG_WARN_UNREACHABLE_CODE = YES;
				CLANG_WARN__DUPLICATE_METHOD_MATCH = YES;
				COPY_PHASE_STRIP = NO;
				DEBUG_INFORMATION_FORMAT = dwarf;
				ENABLE_STRICT_OBJC_MSGSEND = YES;
				ENABLE_TESTABILITY = YES;
				ENABLE_USER_SCRIPT_SANDBOXING = YES;
				GCC_C_LANGUAGE_STANDARD = gnu17;
				GCC_DYNAMIC_NO_PIC = NO;
				GCC_NO_COMMON_BLOCKS = YES;
				GCC_OPTIMIZATION_LEVEL = 0;
				GCC_PREPROCESSOR_DEFINITIONS = (
					"DEBUG=1",
					"$(inherited)",
				);
				GCC_WARN_64_TO_32_BIT_CONVERSION = YES;
				GCC_WARN_ABOUT_RETURN_TYPE = YES_ERROR;
				GCC_WARN_UNDECLARED_SELECTOR = YES;
				GCC_WARN_UNINITIALIZED_AUTOS = YES_AGGRESSIVE;
				GCC_WARN_UNUSED_FUNCTION = YES;
				GCC_WARN_UNUSED_VARIABLE = YES;
				IPHONEOS_DEPLOYMENT_TARGET = 17.5;
				LOCALIZATION_PREFERS_STRING_CATALOGS = YES;
				MTL_ENABLE_DEBUG_INFO = INCLUDE_SOURCE;
				MTL_FAST_MATH = YES;
				ONLY_ACTIVE_ARCH = YES;
				SDKROOT = iphoneos;
				SWIFT_ACTIVE_COMPILATION_CONDITIONS = "DEBUG $(inherited)";
				SWIFT_OPTIMIZATION_LEVEL = "-Onone";
			};
			name = Debug;
		};
		EC606EE02C57B7060015F103 /* Release */ = {
			isa = XCBuildConfiguration;
			buildSettings = {
				ALWAYS_SEARCH_USER_PATHS = NO;
				ASSETCATALOG_COMPILER_GENERATE_SWIFT_ASSET_SYMBOL_EXTENSIONS = YES;
				CLANG_ANALYZER_NONNULL = YES;
				CLANG_ANALYZER_NUMBER_OBJECT_CONVERSION = YES_AGGRESSIVE;
				CLANG_CXX_LANGUAGE_STANDARD = "gnu++20";
				CLANG_ENABLE_MODULES = YES;
				CLANG_ENABLE_OBJC_ARC = YES;
				CLANG_ENABLE_OBJC_WEAK = YES;
				CLANG_WARN_BLOCK_CAPTURE_AUTORELEASING = YES;
				CLANG_WARN_BOOL_CONVERSION = YES;
				CLANG_WARN_COMMA = YES;
				CLANG_WARN_CONSTANT_CONVERSION = YES;
				CLANG_WARN_DEPRECATED_OBJC_IMPLEMENTATIONS = YES;
				CLANG_WARN_DIRECT_OBJC_ISA_USAGE = YES_ERROR;
				CLANG_WARN_DOCUMENTATION_COMMENTS = YES;
				CLANG_WARN_EMPTY_BODY = YES;
				CLANG_WARN_ENUM_CONVERSION = YES;
				CLANG_WARN_INFINITE_RECURSION = YES;
				CLANG_WARN_INT_CONVERSION = YES;
				CLANG_WARN_NON_LITERAL_NULL_CONVERSION = YES;
				CLANG_WARN_OBJC_IMPLICIT_RETAIN_SELF = YES;
				CLANG_WARN_OBJC_LITERAL_CONVERSION = YES;
				CLANG_WARN_OBJC_ROOT_CLASS = YES_ERROR;
				CLANG_WARN_QUOTED_INCLUDE_IN_FRAMEWORK_HEADER = YES;
				CLANG_WARN_RANGE_LOOP_ANALYSIS = YES;
				CLANG_WARN_STRICT_PROTOTYPES = YES;
				CLANG_WARN_SUSPICIOUS_MOVE = YES;
				CLANG_WARN_UNGUARDED_AVAILABILITY = YES_AGGRESSIVE;
				CLANG_WARN_UNREACHABLE_CODE = YES;
				CLANG_WARN__DUPLICATE_METHOD_MATCH = YES;
				COPY_PHASE_STRIP = NO;
				DEBUG_INFORMATION_FORMAT = "dwarf-with-dsym";
				ENABLE_NS_ASSERTIONS = NO;
				ENABLE_STRICT_OBJC_MSGSEND = YES;
				ENABLE_USER_SCRIPT_SANDBOXING = YES;
				GCC_C_LANGUAGE_STANDARD = gnu17;
				GCC_NO_COMMON_BLOCKS = YES;
				GCC_WARN_64_TO_32_BIT_CONVERSION = YES;
				GCC_WARN_ABOUT_RETURN_TYPE = YES_ERROR;
				GCC_WARN_UNDECLARED_SELECTOR = YES;
				GCC_WARN_UNINITIALIZED_AUTOS = YES_AGGRESSIVE;
				GCC_WARN_UNUSED_FUNCTION = YES;
				GCC_WARN_UNUSED_VARIABLE = YES;
				IPHONEOS_DEPLOYMENT_TARGET = 17.5;
				LOCALIZATION_PREFERS_STRING_CATALOGS = YES;
				MTL_ENABLE_DEBUG_INFO = NO;
				MTL_FAST_MATH = YES;
				SDKROOT = iphoneos;
				SWIFT_COMPILATION_MODE = wholemodule;
				VALIDATE_PRODUCT = YES;
			};
			name = Release;
		};
		EC606EE22C57B7060015F103 /* Debug */ = {
			isa = XCBuildConfiguration;
			buildSettings = {
				ALWAYS_EMBED_SWIFT_STANDARD_LIBRARIES = YES;
				ASSETCATALOG_COMPILER_APPICON_NAME = AppIcon;
				ASSETCATALOG_COMPILER_GLOBAL_ACCENT_COLOR_NAME = AccentColor;
				CODE_SIGN_ENTITLEMENTS = RaisingPet/RaisingPet.entitlements;
				CODE_SIGN_STYLE = Automatic;
				CURRENT_PROJECT_VERSION = 1;
				DEVELOPMENT_ASSET_PATHS = "\"RaisingPet/Preview Content\"";
				DEVELOPMENT_TEAM = S7VDAK3AXN;
				ENABLE_PREVIEWS = YES;
				GENERATE_INFOPLIST_FILE = YES;
				INFOPLIST_FILE = RaisingPet/Info.plist;
				INFOPLIST_KEY_NSPhotoLibraryAddUsageDescription = "May I access your gallery ? ";
				INFOPLIST_KEY_UIApplicationSceneManifest_Generation = YES;
				INFOPLIST_KEY_UIApplicationSupportsIndirectInputEvents = YES;
				INFOPLIST_KEY_UILaunchScreen_Generation = YES;
				INFOPLIST_KEY_UISupportedInterfaceOrientations_iPad = "UIInterfaceOrientationPortrait UIInterfaceOrientationPortraitUpsideDown UIInterfaceOrientationLandscapeLeft UIInterfaceOrientationLandscapeRight";
				INFOPLIST_KEY_UISupportedInterfaceOrientations_iPhone = "UIInterfaceOrientationPortrait UIInterfaceOrientationLandscapeLeft UIInterfaceOrientationLandscapeRight";
				IPHONEOS_DEPLOYMENT_TARGET = 16.0;
				LD_RUNPATH_SEARCH_PATHS = (
					"$(inherited)",
					"@executable_path/Frameworks",
				);
				MARKETING_VERSION = 1.0;
				PRODUCT_BUNDLE_IDENTIFIER = com.enestalhaucar.RaisingPet;
				PRODUCT_NAME = "$(TARGET_NAME)";
				SWIFT_EMIT_LOC_STRINGS = YES;
				SWIFT_VERSION = 5.0;
				TARGETED_DEVICE_FAMILY = "1,2";
			};
			name = Debug;
		};
		EC606EE32C57B7060015F103 /* Release */ = {
			isa = XCBuildConfiguration;
			buildSettings = {
				ALWAYS_EMBED_SWIFT_STANDARD_LIBRARIES = YES;
				ASSETCATALOG_COMPILER_APPICON_NAME = AppIcon;
				ASSETCATALOG_COMPILER_GLOBAL_ACCENT_COLOR_NAME = AccentColor;
				CODE_SIGN_ENTITLEMENTS = RaisingPet/RaisingPet.entitlements;
				CODE_SIGN_STYLE = Automatic;
				CURRENT_PROJECT_VERSION = 1;
				DEVELOPMENT_ASSET_PATHS = "\"RaisingPet/Preview Content\"";
				DEVELOPMENT_TEAM = S7VDAK3AXN;
				ENABLE_PREVIEWS = YES;
				GENERATE_INFOPLIST_FILE = YES;
				INFOPLIST_FILE = RaisingPet/Info.plist;
				INFOPLIST_KEY_NSPhotoLibraryAddUsageDescription = "May I access your gallery ? ";
				INFOPLIST_KEY_UIApplicationSceneManifest_Generation = YES;
				INFOPLIST_KEY_UIApplicationSupportsIndirectInputEvents = YES;
				INFOPLIST_KEY_UILaunchScreen_Generation = YES;
				INFOPLIST_KEY_UISupportedInterfaceOrientations_iPad = "UIInterfaceOrientationPortrait UIInterfaceOrientationPortraitUpsideDown UIInterfaceOrientationLandscapeLeft UIInterfaceOrientationLandscapeRight";
				INFOPLIST_KEY_UISupportedInterfaceOrientations_iPhone = "UIInterfaceOrientationPortrait UIInterfaceOrientationLandscapeLeft UIInterfaceOrientationLandscapeRight";
				IPHONEOS_DEPLOYMENT_TARGET = 16.0;
				LD_RUNPATH_SEARCH_PATHS = (
					"$(inherited)",
					"@executable_path/Frameworks",
				);
				MARKETING_VERSION = 1.0;
				PRODUCT_BUNDLE_IDENTIFIER = com.enestalhaucar.RaisingPet;
				PRODUCT_NAME = "$(TARGET_NAME)";
				SWIFT_EMIT_LOC_STRINGS = YES;
				SWIFT_VERSION = 5.0;
				TARGETED_DEVICE_FAMILY = "1,2";
			};
			name = Release;
		};
		ECCC7B452CAAB3FD00B16C91 /* Debug */ = {
			isa = XCBuildConfiguration;
			buildSettings = {
				ASSETCATALOG_COMPILER_GLOBAL_ACCENT_COLOR_NAME = AccentColor;
				ASSETCATALOG_COMPILER_WIDGET_BACKGROUND_COLOR_NAME = WidgetBackground;
				CODE_SIGN_ENTITLEMENTS = PetiverseWidgetExtensionExtension.entitlements;
				CODE_SIGN_STYLE = Automatic;
				CURRENT_PROJECT_VERSION = 1;
				DEVELOPMENT_TEAM = S7VDAK3AXN;
				GENERATE_INFOPLIST_FILE = YES;
				INFOPLIST_FILE = PetiverseWidgetExtension/Info.plist;
				INFOPLIST_KEY_CFBundleDisplayName = PetiverseWidgetExtension;
				INFOPLIST_KEY_NSHumanReadableCopyright = "";
				LD_RUNPATH_SEARCH_PATHS = (
					"$(inherited)",
					"@executable_path/Frameworks",
					"@executable_path/../../Frameworks",
				);
				MARKETING_VERSION = 1.0;
				PRODUCT_BUNDLE_IDENTIFIER = com.enestalhaucar.RaisingPet.PetiverseWidgetExtension;
				PRODUCT_NAME = "$(TARGET_NAME)";
				SKIP_INSTALL = YES;
				SWIFT_EMIT_LOC_STRINGS = YES;
				SWIFT_VERSION = 5.0;
				TARGETED_DEVICE_FAMILY = "1,2";
			};
			name = Debug;
		};
		ECCC7B462CAAB3FD00B16C91 /* Release */ = {
			isa = XCBuildConfiguration;
			buildSettings = {
				ASSETCATALOG_COMPILER_GLOBAL_ACCENT_COLOR_NAME = AccentColor;
				ASSETCATALOG_COMPILER_WIDGET_BACKGROUND_COLOR_NAME = WidgetBackground;
				CODE_SIGN_ENTITLEMENTS = PetiverseWidgetExtensionExtension.entitlements;
				CODE_SIGN_STYLE = Automatic;
				CURRENT_PROJECT_VERSION = 1;
				DEVELOPMENT_TEAM = S7VDAK3AXN;
				GENERATE_INFOPLIST_FILE = YES;
				INFOPLIST_FILE = PetiverseWidgetExtension/Info.plist;
				INFOPLIST_KEY_CFBundleDisplayName = PetiverseWidgetExtension;
				INFOPLIST_KEY_NSHumanReadableCopyright = "";
				LD_RUNPATH_SEARCH_PATHS = (
					"$(inherited)",
					"@executable_path/Frameworks",
					"@executable_path/../../Frameworks",
				);
				MARKETING_VERSION = 1.0;
				PRODUCT_BUNDLE_IDENTIFIER = com.enestalhaucar.RaisingPet.PetiverseWidgetExtension;
				PRODUCT_NAME = "$(TARGET_NAME)";
				SKIP_INSTALL = YES;
				SWIFT_EMIT_LOC_STRINGS = YES;
				SWIFT_VERSION = 5.0;
				TARGETED_DEVICE_FAMILY = "1,2";
			};
			name = Release;
		};
/* End XCBuildConfiguration section */

/* Begin XCConfigurationList section */
		EC606ECE2C57B7040015F103 /* Build configuration list for PBXProject "RaisingPet" */ = {
			isa = XCConfigurationList;
			buildConfigurations = (
				EC606EDF2C57B7060015F103 /* Debug */,
				EC606EE02C57B7060015F103 /* Release */,
			);
			defaultConfigurationIsVisible = 0;
			defaultConfigurationName = Release;
		};
		EC606EE12C57B7060015F103 /* Build configuration list for PBXNativeTarget "RaisingPet" */ = {
			isa = XCConfigurationList;
			buildConfigurations = (
				EC606EE22C57B7060015F103 /* Debug */,
				EC606EE32C57B7060015F103 /* Release */,
			);
			defaultConfigurationIsVisible = 0;
			defaultConfigurationName = Release;
		};
		ECCC7B472CAAB3FD00B16C91 /* Build configuration list for PBXNativeTarget "PetiverseWidgetExtensionExtension" */ = {
			isa = XCConfigurationList;
			buildConfigurations = (
				ECCC7B452CAAB3FD00B16C91 /* Debug */,
				ECCC7B462CAAB3FD00B16C91 /* Release */,
			);
			defaultConfigurationIsVisible = 0;
			defaultConfigurationName = Release;
		};
/* End XCConfigurationList section */

/* Begin XCRemoteSwiftPackageReference section */
		EC606F162C5FB44B0015F103 /* XCRemoteSwiftPackageReference "GoogleSignIn-iOS" */ = {
			isa = XCRemoteSwiftPackageReference;
			repositoryURL = "https://github.com/google/GoogleSignIn-iOS.git";
			requirement = {
				kind = upToNextMajorVersion;
				minimumVersion = 7.1.0;
			};
		};
		EC8D59BF2D0843850050740C /* XCRemoteSwiftPackageReference "Alamofire" */ = {
			isa = XCRemoteSwiftPackageReference;
			repositoryURL = "https://github.com/Alamofire/Alamofire.git";
			requirement = {
				kind = upToNextMajorVersion;
				minimumVersion = 5.10.2;
			};
		};
/* End XCRemoteSwiftPackageReference section */

/* Begin XCSwiftPackageProductDependency section */
		EC606F172C5FB44C0015F103 /* GoogleSignIn */ = {
			isa = XCSwiftPackageProductDependency;
			package = EC606F162C5FB44B0015F103 /* XCRemoteSwiftPackageReference "GoogleSignIn-iOS" */;
			productName = GoogleSignIn;
		};
		EC606F192C5FB44C0015F103 /* GoogleSignInSwift */ = {
			isa = XCSwiftPackageProductDependency;
			package = EC606F162C5FB44B0015F103 /* XCRemoteSwiftPackageReference "GoogleSignIn-iOS" */;
			productName = GoogleSignInSwift;
		};
		EC8D59C02D084DB30050740C /* Alamofire */ = {
			isa = XCSwiftPackageProductDependency;
			package = EC8D59BF2D0843850050740C /* XCRemoteSwiftPackageReference "Alamofire" */;
			productName = Alamofire;
		};
/* End XCSwiftPackageProductDependency section */
	};
	rootObject = EC606ECB2C57B7040015F103 /* Project object */;
}
